// !$*UTF8*$!
{
	archiveVersion = 1;
	classes = {
	};
	objectVersion = 42;
	objects = {

/* Begin PBXBuildFile section */
		22C9712C0BA9BAC900ADA848 /* 3DRotate.tiff in Resources */ = {isa = PBXBuildFile; fileRef = 22C9712B0BA9BAC900ADA848 /* 3DRotate.tiff */; };
		8D5B49B0048680CD000E48DA /* InfoPlist.strings in Resources */ = {isa = PBXBuildFile; fileRef = 089C167DFE841241C02AAC07 /* InfoPlist.strings */; };
		8D5B49B4048680CD000E48DA /* Cocoa.framework in Frameworks */ = {isa = PBXBuildFile; fileRef = 1058C7ADFEA557BF11CA2CBB /* Cocoa.framework */; };
		B2CA03CA1D71E15700FFE8C9 /* OsiriX.framework in Frameworks */ = {isa = PBXBuildFile; fileRef = B2CA03C91D71E15700FFE8C9 /* OsiriX.framework */; };
		B2D001B71D71F015004E0564 /* libITKBiasCorrection-4.7.a in Frameworks */ = {isa = PBXBuildFile; fileRef = B2D0016A1D71F010004E0564 /* libITKBiasCorrection-4.7.a */; };
		B2D001B81D71F015004E0564 /* libITKBioCell-4.7.a in Frameworks */ = {isa = PBXBuildFile; fileRef = B2D0016B1D71F010004E0564 /* libITKBioCell-4.7.a */; };
		B2D001B91D71F015004E0564 /* libITKCommon-4.7.a in Frameworks */ = {isa = PBXBuildFile; fileRef = B2D0016C1D71F010004E0564 /* libITKCommon-4.7.a */; };
		B2D001BA1D71F015004E0564 /* libITKDICOMParser-4.7.a in Frameworks */ = {isa = PBXBuildFile; fileRef = B2D0016D1D71F010004E0564 /* libITKDICOMParser-4.7.a */; };
		B2D001BB1D71F015004E0564 /* libitkdouble-conversion-4.7.a in Frameworks */ = {isa = PBXBuildFile; fileRef = B2D0016E1D71F010004E0564 /* libitkdouble-conversion-4.7.a */; };
		B2D001BC1D71F015004E0564 /* libITKEXPAT-4.7.a in Frameworks */ = {isa = PBXBuildFile; fileRef = B2D0016F1D71F010004E0564 /* libITKEXPAT-4.7.a */; };
		B2D001BD1D71F015004E0564 /* libITKFEM-4.7.a in Frameworks */ = {isa = PBXBuildFile; fileRef = B2D001701D71F010004E0564 /* libITKFEM-4.7.a */; };
		B2D001BE1D71F015004E0564 /* libitkgdcmCommon-4.7.a in Frameworks */ = {isa = PBXBuildFile; fileRef = B2D001711D71F010004E0564 /* libitkgdcmCommon-4.7.a */; };
		B2D001BF1D71F015004E0564 /* libitkgdcmDICT-4.7.a in Frameworks */ = {isa = PBXBuildFile; fileRef = B2D001721D71F010004E0564 /* libitkgdcmDICT-4.7.a */; };
		B2D001C01D71F015004E0564 /* libitkgdcmDSED-4.7.a in Frameworks */ = {isa = PBXBuildFile; fileRef = B2D001731D71F010004E0564 /* libitkgdcmDSED-4.7.a */; };
		B2D001C11D71F015004E0564 /* libitkgdcmIOD-4.7.a in Frameworks */ = {isa = PBXBuildFile; fileRef = B2D001741D71F010004E0564 /* libitkgdcmIOD-4.7.a */; };
		B2D001C21D71F015004E0564 /* libitkgdcmjpeg8-4.7.a in Frameworks */ = {isa = PBXBuildFile; fileRef = B2D001751D71F010004E0564 /* libitkgdcmjpeg8-4.7.a */; };
		B2D001C31D71F015004E0564 /* libitkgdcmjpeg12-4.7.a in Frameworks */ = {isa = PBXBuildFile; fileRef = B2D001761D71F010004E0564 /* libitkgdcmjpeg12-4.7.a */; };
		B2D001C41D71F015004E0564 /* libitkgdcmjpeg16-4.7.a in Frameworks */ = {isa = PBXBuildFile; fileRef = B2D001771D71F011004E0564 /* libitkgdcmjpeg16-4.7.a */; };
		B2D001C51D71F015004E0564 /* libitkgdcmMSFF-4.7.a in Frameworks */ = {isa = PBXBuildFile; fileRef = B2D001781D71F011004E0564 /* libitkgdcmMSFF-4.7.a */; };
		B2D001C61D71F015004E0564 /* libitkgdcmuuid-4.7.a in Frameworks */ = {isa = PBXBuildFile; fileRef = B2D001791D71F011004E0564 /* libitkgdcmuuid-4.7.a */; };
		B2D001C71D71F015004E0564 /* libITKgiftiio-4.7.a in Frameworks */ = {isa = PBXBuildFile; fileRef = B2D0017A1D71F011004E0564 /* libITKgiftiio-4.7.a */; };
		B2D001C81D71F015004E0564 /* libitkhdf5_cpp-4.7.a in Frameworks */ = {isa = PBXBuildFile; fileRef = B2D0017B1D71F011004E0564 /* libitkhdf5_cpp-4.7.a */; };
		B2D001C91D71F015004E0564 /* libitkhdf5-4.7.a in Frameworks */ = {isa = PBXBuildFile; fileRef = B2D0017C1D71F011004E0564 /* libitkhdf5-4.7.a */; };
		B2D001CA1D71F015004E0564 /* libITKIOBioRad-4.7.a in Frameworks */ = {isa = PBXBuildFile; fileRef = B2D0017D1D71F011004E0564 /* libITKIOBioRad-4.7.a */; };
		B2D001CB1D71F015004E0564 /* libITKIOBMP-4.7.a in Frameworks */ = {isa = PBXBuildFile; fileRef = B2D0017E1D71F011004E0564 /* libITKIOBMP-4.7.a */; };
		B2D001CC1D71F015004E0564 /* libITKIOCSV-4.7.a in Frameworks */ = {isa = PBXBuildFile; fileRef = B2D0017F1D71F011004E0564 /* libITKIOCSV-4.7.a */; };
		B2D001CD1D71F015004E0564 /* libITKIOGDCM-4.7.a in Frameworks */ = {isa = PBXBuildFile; fileRef = B2D001801D71F011004E0564 /* libITKIOGDCM-4.7.a */; };
		B2D001CE1D71F015004E0564 /* libITKIOGE-4.7.a in Frameworks */ = {isa = PBXBuildFile; fileRef = B2D001811D71F011004E0564 /* libITKIOGE-4.7.a */; };
		B2D001CF1D71F015004E0564 /* libITKIOGIPL-4.7.a in Frameworks */ = {isa = PBXBuildFile; fileRef = B2D001821D71F011004E0564 /* libITKIOGIPL-4.7.a */; };
		B2D001D01D71F015004E0564 /* libITKIOHDF5-4.7.a in Frameworks */ = {isa = PBXBuildFile; fileRef = B2D001831D71F011004E0564 /* libITKIOHDF5-4.7.a */; };
		B2D001D11D71F015004E0564 /* libITKIOImageBase-4.7.a in Frameworks */ = {isa = PBXBuildFile; fileRef = B2D001841D71F011004E0564 /* libITKIOImageBase-4.7.a */; };
		B2D001D21D71F015004E0564 /* libITKIOIPL-4.7.a in Frameworks */ = {isa = PBXBuildFile; fileRef = B2D001851D71F012004E0564 /* libITKIOIPL-4.7.a */; };
		B2D001D31D71F015004E0564 /* libITKIOJPEG-4.7.a in Frameworks */ = {isa = PBXBuildFile; fileRef = B2D001861D71F012004E0564 /* libITKIOJPEG-4.7.a */; };
		B2D001D41D71F015004E0564 /* libITKIOLSM-4.7.a in Frameworks */ = {isa = PBXBuildFile; fileRef = B2D001871D71F012004E0564 /* libITKIOLSM-4.7.a */; };
		B2D001D51D71F015004E0564 /* libITKIOMesh-4.7.a in Frameworks */ = {isa = PBXBuildFile; fileRef = B2D001881D71F012004E0564 /* libITKIOMesh-4.7.a */; };
		B2D001D61D71F015004E0564 /* libITKIOMeta-4.7.a in Frameworks */ = {isa = PBXBuildFile; fileRef = B2D001891D71F012004E0564 /* libITKIOMeta-4.7.a */; };
		B2D001D71D71F015004E0564 /* libITKIOMRC-4.7.a in Frameworks */ = {isa = PBXBuildFile; fileRef = B2D0018A1D71F012004E0564 /* libITKIOMRC-4.7.a */; };
		B2D001D81D71F015004E0564 /* libITKIONIFTI-4.7.a in Frameworks */ = {isa = PBXBuildFile; fileRef = B2D0018B1D71F012004E0564 /* libITKIONIFTI-4.7.a */; };
		B2D001D91D71F015004E0564 /* libITKIONRRD-4.7.a in Frameworks */ = {isa = PBXBuildFile; fileRef = B2D0018C1D71F012004E0564 /* libITKIONRRD-4.7.a */; };
		B2D001DA1D71F015004E0564 /* libITKIOPNG-4.7.a in Frameworks */ = {isa = PBXBuildFile; fileRef = B2D0018D1D71F012004E0564 /* libITKIOPNG-4.7.a */; };
		B2D001DB1D71F015004E0564 /* libITKIOSiemens-4.7.a in Frameworks */ = {isa = PBXBuildFile; fileRef = B2D0018E1D71F012004E0564 /* libITKIOSiemens-4.7.a */; };
		B2D001DC1D71F015004E0564 /* libITKIOSpatialObjects-4.7.a in Frameworks */ = {isa = PBXBuildFile; fileRef = B2D0018F1D71F012004E0564 /* libITKIOSpatialObjects-4.7.a */; };
		B2D001DD1D71F015004E0564 /* libITKIOStimulate-4.7.a in Frameworks */ = {isa = PBXBuildFile; fileRef = B2D001901D71F012004E0564 /* libITKIOStimulate-4.7.a */; };
		B2D001DE1D71F015004E0564 /* libITKIOTIFF-4.7.a in Frameworks */ = {isa = PBXBuildFile; fileRef = B2D001911D71F012004E0564 /* libITKIOTIFF-4.7.a */; };
		B2D001DF1D71F015004E0564 /* libITKIOTransformBase-4.7.a in Frameworks */ = {isa = PBXBuildFile; fileRef = B2D001921D71F012004E0564 /* libITKIOTransformBase-4.7.a */; };
		B2D001E01D71F015004E0564 /* libITKIOTransformHDF5-4.7.a in Frameworks */ = {isa = PBXBuildFile; fileRef = B2D001931D71F013004E0564 /* libITKIOTransformHDF5-4.7.a */; };
		B2D001E11D71F015004E0564 /* libITKIOTransformInsightLegacy-4.7.a in Frameworks */ = {isa = PBXBuildFile; fileRef = B2D001941D71F013004E0564 /* libITKIOTransformInsightLegacy-4.7.a */; };
		B2D001E21D71F015004E0564 /* libITKIOTransformMatlab-4.7.a in Frameworks */ = {isa = PBXBuildFile; fileRef = B2D001951D71F013004E0564 /* libITKIOTransformMatlab-4.7.a */; };
		B2D001E31D71F015004E0564 /* libITKIOVTK-4.7.a in Frameworks */ = {isa = PBXBuildFile; fileRef = B2D001961D71F013004E0564 /* libITKIOVTK-4.7.a */; };
		B2D001E41D71F015004E0564 /* libITKIOXML-4.7.a in Frameworks */ = {isa = PBXBuildFile; fileRef = B2D001971D71F013004E0564 /* libITKIOXML-4.7.a */; };
		B2D001E51D71F015004E0564 /* libITKKLMRegionGrowing-4.7.a in Frameworks */ = {isa = PBXBuildFile; fileRef = B2D001981D71F013004E0564 /* libITKKLMRegionGrowing-4.7.a */; };
		B2D001E61D71F015004E0564 /* libITKLabelMap-4.7.a in Frameworks */ = {isa = PBXBuildFile; fileRef = B2D001991D71F013004E0564 /* libITKLabelMap-4.7.a */; };
		B2D001E71D71F015004E0564 /* libITKMesh-4.7.a in Frameworks */ = {isa = PBXBuildFile; fileRef = B2D0019A1D71F013004E0564 /* libITKMesh-4.7.a */; };
		B2D001E81D71F015004E0564 /* libITKMetaIO-4.7.a in Frameworks */ = {isa = PBXBuildFile; fileRef = B2D0019B1D71F013004E0564 /* libITKMetaIO-4.7.a */; };
		B2D001E91D71F015004E0564 /* libitkNetlibSlatec-4.7.a in Frameworks */ = {isa = PBXBuildFile; fileRef = B2D0019C1D71F013004E0564 /* libitkNetlibSlatec-4.7.a */; };
		B2D001EA1D71F015004E0564 /* libITKniftiio-4.7.a in Frameworks */ = {isa = PBXBuildFile; fileRef = B2D0019D1D71F013004E0564 /* libITKniftiio-4.7.a */; };
		B2D001EB1D71F015004E0564 /* libITKNrrdIO-4.7.a in Frameworks */ = {isa = PBXBuildFile; fileRef = B2D0019E1D71F013004E0564 /* libITKNrrdIO-4.7.a */; };
		B2D001EC1D71F015004E0564 /* libitkopenjpeg-4.7.a in Frameworks */ = {isa = PBXBuildFile; fileRef = B2D0019F1D71F013004E0564 /* libitkopenjpeg-4.7.a */; };
		B2D001ED1D71F015004E0564 /* libITKOptimizers-4.7.a in Frameworks */ = {isa = PBXBuildFile; fileRef = B2D001A01D71F014004E0564 /* libITKOptimizers-4.7.a */; };
		B2D001EE1D71F015004E0564 /* libITKOptimizersv4-4.7.a in Frameworks */ = {isa = PBXBuildFile; fileRef = B2D001A11D71F014004E0564 /* libITKOptimizersv4-4.7.a */; };
		B2D001EF1D71F015004E0564 /* libITKPath-4.7.a in Frameworks */ = {isa = PBXBuildFile; fileRef = B2D001A21D71F014004E0564 /* libITKPath-4.7.a */; };
		B2D001F01D71F015004E0564 /* libitkpng-4.7.a in Frameworks */ = {isa = PBXBuildFile; fileRef = B2D001A31D71F014004E0564 /* libitkpng-4.7.a */; };
		B2D001F11D71F015004E0564 /* libITKPolynomials-4.7.a in Frameworks */ = {isa = PBXBuildFile; fileRef = B2D001A41D71F014004E0564 /* libITKPolynomials-4.7.a */; };
		B2D001F21D71F015004E0564 /* libITKQuadEdgeMesh-4.7.a in Frameworks */ = {isa = PBXBuildFile; fileRef = B2D001A51D71F014004E0564 /* libITKQuadEdgeMesh-4.7.a */; };
		B2D001F31D71F015004E0564 /* libITKSpatialObjects-4.7.a in Frameworks */ = {isa = PBXBuildFile; fileRef = B2D001A61D71F014004E0564 /* libITKSpatialObjects-4.7.a */; };
		B2D001F41D71F015004E0564 /* libITKStatistics-4.7.a in Frameworks */ = {isa = PBXBuildFile; fileRef = B2D001A71D71F014004E0564 /* libITKStatistics-4.7.a */; };
		B2D001F51D71F015004E0564 /* libitksys-4.7.a in Frameworks */ = {isa = PBXBuildFile; fileRef = B2D001A81D71F014004E0564 /* libitksys-4.7.a */; };
		B2D001F61D71F015004E0564 /* libitktiff-4.7.a in Frameworks */ = {isa = PBXBuildFile; fileRef = B2D001A91D71F014004E0564 /* libitktiff-4.7.a */; };
		B2D001F71D71F015004E0564 /* libitkv3p_lsqr-4.7.a in Frameworks */ = {isa = PBXBuildFile; fileRef = B2D001AA1D71F014004E0564 /* libitkv3p_lsqr-4.7.a */; };
		B2D001F81D71F015004E0564 /* libitkv3p_netlib-4.7.a in Frameworks */ = {isa = PBXBuildFile; fileRef = B2D001AB1D71F014004E0564 /* libitkv3p_netlib-4.7.a */; };
		B2D001F91D71F015004E0564 /* libitkvcl-4.7.a in Frameworks */ = {isa = PBXBuildFile; fileRef = B2D001AC1D71F014004E0564 /* libitkvcl-4.7.a */; };
		B2D001FA1D71F015004E0564 /* libITKVideoCore-4.7.a in Frameworks */ = {isa = PBXBuildFile; fileRef = B2D001AD1D71F014004E0564 /* libITKVideoCore-4.7.a */; };
		B2D001FB1D71F015004E0564 /* libITKVideoIO-4.7.a in Frameworks */ = {isa = PBXBuildFile; fileRef = B2D001AE1D71F014004E0564 /* libITKVideoIO-4.7.a */; };
		B2D001FC1D71F015004E0564 /* libitkvnl_algo-4.7.a in Frameworks */ = {isa = PBXBuildFile; fileRef = B2D001AF1D71F015004E0564 /* libitkvnl_algo-4.7.a */; };
		B2D001FD1D71F015004E0564 /* libitkvnl-4.7.a in Frameworks */ = {isa = PBXBuildFile; fileRef = B2D001B01D71F015004E0564 /* libitkvnl-4.7.a */; };
		B2D001FE1D71F015004E0564 /* libITKVNLInstantiation-4.7.a in Frameworks */ = {isa = PBXBuildFile; fileRef = B2D001B11D71F015004E0564 /* libITKVNLInstantiation-4.7.a */; };
		B2D001FF1D71F015004E0564 /* libITKVTK-4.7.a in Frameworks */ = {isa = PBXBuildFile; fileRef = B2D001B21D71F015004E0564 /* libITKVTK-4.7.a */; };
		B2D002001D71F015004E0564 /* libITKVtkGlue-4.7.a in Frameworks */ = {isa = PBXBuildFile; fileRef = B2D001B31D71F015004E0564 /* libITKVtkGlue-4.7.a */; };
		B2D002011D71F015004E0564 /* libITKWatersheds-4.7.a in Frameworks */ = {isa = PBXBuildFile; fileRef = B2D001B41D71F015004E0564 /* libITKWatersheds-4.7.a */; };
		B2D002021D71F015004E0564 /* libitkzlib-4.7.a in Frameworks */ = {isa = PBXBuildFile; fileRef = B2D001B51D71F015004E0564 /* libitkzlib-4.7.a */; };
		B2D002031D71F015004E0564 /* libITKznz-4.7.a in Frameworks */ = {isa = PBXBuildFile; fileRef = B2D001B61D71F015004E0564 /* libITKznz-4.7.a */; };
		B2D002051D71F999004E0564 /* OsiriXAPI.framework in Frameworks */ = {isa = PBXBuildFile; fileRef = B2D002041D71F999004E0564 /* OsiriXAPI.framework */; };
		B909F0840D9F7F71002C42B5 /* CMIVBuketPirortyQueue.h in Headers */ = {isa = PBXBuildFile; fileRef = B909F0820D9F7F71002C42B5 /* CMIVBuketPirortyQueue.h */; };
		B909F0850D9F7F71002C42B5 /* CMIVBuketPirortyQueue.m in Sources */ = {isa = PBXBuildFile; fileRef = B909F0830D9F7F71002C42B5 /* CMIVBuketPirortyQueue.m */; };
		B917308F0D9908C7005A0FF9 /* CMIV_AutoSeeding.h in Headers */ = {isa = PBXBuildFile; fileRef = B917308B0D9908C6005A0FF9 /* CMIV_AutoSeeding.h */; };
		B91730900D9908C7005A0FF9 /* CMIV_AutoSeeding.m in Sources */ = {isa = PBXBuildFile; fileRef = B917308C0D9908C6005A0FF9 /* CMIV_AutoSeeding.m */; };
		B91730910D9908C7005A0FF9 /* CMIVAutoSeedingCore.h in Headers */ = {isa = PBXBuildFile; fileRef = B917308D0D9908C7005A0FF9 /* CMIVAutoSeedingCore.h */; };
		B930E81E0B0B490400434C33 /* CMIVSegmentCore.h in Headers */ = {isa = PBXBuildFile; fileRef = B930E81C0B0B490400434C33 /* CMIVSegmentCore.h */; };
		B95EA4360C54F418005A35CB /* logo.jpg in Resources */ = {isa = PBXBuildFile; fileRef = B95EA4350C54F418005A35CB /* logo.jpg */; };
		B969E7B00D111DC700868834 /* CMIVWindow.h in Headers */ = {isa = PBXBuildFile; fileRef = B969E7AE0D111DC700868834 /* CMIVWindow.h */; };
		B969E7B10D111DC700868834 /* CMIVWindow.m in Sources */ = {isa = PBXBuildFile; fileRef = B969E7AF0D111DC700868834 /* CMIVWindow.m */; };
		B96B0F210B10B1B60044D904 /* CMIVVRcontroller.h in Headers */ = {isa = PBXBuildFile; fileRef = B96B0F1F0B10B1B60044D904 /* CMIVVRcontroller.h */; };
		B96B0F220B10B1B60044D904 /* CMIVVRcontroller.mm in Sources */ = {isa = PBXBuildFile; fileRef = B96B0F200B10B1B60044D904 /* CMIVVRcontroller.mm */; };
		B98C764F0D312EF2004CBA19 /* CMIVCLUTOpacityView.h in Headers */ = {isa = PBXBuildFile; fileRef = B98C764E0D312EF2004CBA19 /* CMIVCLUTOpacityView.h */; };
		B98C76540D313003004CBA19 /* CMIVCLUTOpacityView.mm in Sources */ = {isa = PBXBuildFile; fileRef = B98C76530D313003004CBA19 /* CMIVCLUTOpacityView.mm */; };
		B9960E830C5A7F01004A4E89 /* CMIVSlider.h in Headers */ = {isa = PBXBuildFile; fileRef = B9960E810C5A7F01004A4E89 /* CMIVSlider.h */; };
		B9960E840C5A7F01004A4E89 /* CMIVSlider.m in Sources */ = {isa = PBXBuildFile; fileRef = B9960E820C5A7F01004A4E89 /* CMIVSlider.m */; };
		B99792060D3E391B004D8613 /* AboutDlg.xib in Resources */ = {isa = PBXBuildFile; fileRef = B99791FE0D3E391B004D8613 /* AboutDlg.xib */; };
		B99792070D3E391B004D8613 /* Chopper_Panel.xib in Resources */ = {isa = PBXBuildFile; fileRef = B99791FF0D3E391B004D8613 /* Chopper_Panel.xib */; };
		B99792080D3E391B004D8613 /* Contrast_Panel.xib in Resources */ = {isa = PBXBuildFile; fileRef = B99792000D3E391B004D8613 /* Contrast_Panel.xib */; };
		B99792090D3E391B004D8613 /* Save_Panel.xib in Resources */ = {isa = PBXBuildFile; fileRef = B99792010D3E391B004D8613 /* Save_Panel.xib */; };
		B997920A0D3E391B004D8613 /* Scissors_Panel.xib in Resources */ = {isa = PBXBuildFile; fileRef = B99792020D3E391B004D8613 /* Scissors_Panel.xib */; };
		B997920B0D3E391B004D8613 /* SegPreview.xib in Resources */ = {isa = PBXBuildFile; fileRef = B99792030D3E391B004D8613 /* SegPreview.xib */; };
		B997920D0D3E391B004D8613 /* VR_Panel.xib in Resources */ = {isa = PBXBuildFile; fileRef = B99792050D3E391B004D8613 /* VR_Panel.xib */; };
		B9A4171F0B4BAF4D009AEE95 /* CMIV3DPoint.h in Headers */ = {isa = PBXBuildFile; fileRef = B9A4171D0B4BAF4D009AEE95 /* CMIV3DPoint.h */; };
		B9A417200B4BAF4D009AEE95 /* CMIV3DPoint.m in Sources */ = {isa = PBXBuildFile; fileRef = B9A4171E0B4BAF4D009AEE95 /* CMIV3DPoint.m */; };
		B9ADCE070B3B31CD008B5B9C /* CMIVSaveResult.h in Headers */ = {isa = PBXBuildFile; fileRef = B9ADCE050B3B31CD008B5B9C /* CMIVSaveResult.h */; };
		B9ADCE080B3B31CD008B5B9C /* CMIVSaveResult.m in Sources */ = {isa = PBXBuildFile; fileRef = B9ADCE060B3B31CD008B5B9C /* CMIVSaveResult.m */; };
		B9B07E9A0B67A703008879EF /* CMIVContrastPreview.h in Headers */ = {isa = PBXBuildFile; fileRef = B9B07E980B67A703008879EF /* CMIVContrastPreview.h */; };
		B9B07E9B0B67A703008879EF /* CMIVContrastPreview.mm in Sources */ = {isa = PBXBuildFile; fileRef = B9B07E990B67A703008879EF /* CMIVContrastPreview.mm */; };
		B9B295F10B0862A100505F84 /* Opened Polygon.tiff in Resources */ = {isa = PBXBuildFile; fileRef = B9B295EB0B0862A100505F84 /* Opened Polygon.tiff */; };
		B9B295F20B0862A100505F84 /* Oval.tiff in Resources */ = {isa = PBXBuildFile; fileRef = B9B295EC0B0862A100505F84 /* Oval.tiff */; };
		B9B295F30B0862A100505F84 /* Pencil.tiff in Resources */ = {isa = PBXBuildFile; fileRef = B9B295ED0B0862A100505F84 /* Pencil.tiff */; };
		B9B295F40B0862A100505F84 /* Point.tiff in Resources */ = {isa = PBXBuildFile; fileRef = B9B295EE0B0862A100505F84 /* Point.tiff */; };
		B9B295F50B0862A100505F84 /* WLWW.tif in Resources */ = {isa = PBXBuildFile; fileRef = B9B295EF0B0862A100505F84 /* WLWW.tif */; };
		B9B295F60B0862A100505F84 /* Zoom.tiff in Resources */ = {isa = PBXBuildFile; fileRef = B9B295F00B0862A100505F84 /* Zoom.tiff */; };
		B9B29B060B145C1F00DE2C1F /* Cross.tiff in Resources */ = {isa = PBXBuildFile; fileRef = B9B29B030B145C1F00DE2C1F /* Cross.tiff */; };
		B9B29B070B145C1F00DE2C1F /* Move.tif in Resources */ = {isa = PBXBuildFile; fileRef = B9B29B040B145C1F00DE2C1F /* Move.tif */; };
		B9B29B080B145C1F00DE2C1F /* Rotate.tiff in Resources */ = {isa = PBXBuildFile; fileRef = B9B29B050B145C1F00DE2C1F /* Rotate.tiff */; };
		B9B29B910B147D2600DE2C1F /* CMIVScissorsController.h in Headers */ = {isa = PBXBuildFile; fileRef = B9B29B8F0B147D2600DE2C1F /* CMIVScissorsController.h */; };
		B9B29B920B147D2600DE2C1F /* CMIVScissorsController.mm in Sources */ = {isa = PBXBuildFile; fileRef = B9B29B900B147D2600DE2C1F /* CMIVScissorsController.mm */; settings = {COMPILER_FLAGS = "-I ../../osirix/osirix/ITK180 -I ../../osirix/osirix/ITK180/Code -I ../../osirix/osirix/ITK180/Code/Algorithms -I ../../osirix/osirix/ITK180/Code/BasicFilters -I ../../osirix/osirix/ITK180/Code/Common -I ../../osirix/osirix/ITK180/Code/Numerics -I ../../osirix/osirix/ITK180/Code/IO -I ../../osirix/osirix/ITK180/Code/Numerics/FEM -I ../../osirix/osirix/ITK180/Code/Numerics/Statistics -I ../../osirix/osirix/ITK180/Code/SpatialObject -I ../../osirix/osirix/ITK180/Code/Utilities/MetaIO -I ../../osirix/osirix/ITK180/Code/Utilities/expat -I ../../osirix/osirix/ITK180/Code/Utilities/NrrdIO -I ../../osirix/osirix/ITK180/Code/Utilities/DICOMParser -I ../../osirix/osirix/ITK180/Utilities -I ../../osirix/osirix/ITK180/Utilities/vxl/vcl -I ../../osirix/osirix/ITK180/Utilities/vxl/core"; }; };
		B9B4195D0B36C8FC00AD244F /* CMIVExport.h in Headers */ = {isa = PBXBuildFile; fileRef = B9B4195B0B36C8FC00AD244F /* CMIVExport.h */; };
		B9B4195E0B36C8FC00AD244F /* CMIVExport.m in Sources */ = {isa = PBXBuildFile; fileRef = B9B4195C0B36C8FC00AD244F /* CMIVExport.m */; };
		B9B4F79A0B245953002E9350 /* Rectangle.tiff in Resources */ = {isa = PBXBuildFile; fileRef = B9B4F7990B245953002E9350 /* Rectangle.tiff */; };
		B9B702040CA5460D00CF333E /* Length.tiff in Resources */ = {isa = PBXBuildFile; fileRef = B9B702030CA5460D00CF333E /* Length.tiff */; };
		B9C3BAAE0F5D9B89001D6931 /* CMIVAutoSeedingCore.mm in Sources */ = {isa = PBXBuildFile; fileRef = B9C3BAAA0F5D9B89001D6931 /* CMIVAutoSeedingCore.mm */; settings = {COMPILER_FLAGS = "-I ../../osirix/osirix/ITK180 -I ../../osirix/osirix/ITK180/Code -I ../../osirix/osirix/ITK180/Code/Algorithms -I ../../osirix/osirix/ITK180/Code/BasicFilters -I ../../osirix/osirix/ITK180/Code/Common -I ../../osirix/osirix/ITK180/Code/Numerics -I ../../osirix/osirix/ITK180/Code/IO -I ../../osirix/osirix/ITK180/Code/Numerics/FEM -I ../../osirix/osirix/ITK180/Code/Numerics/Statistics -I ../../osirix/osirix/ITK180/Code/SpatialObject -I ../../osirix/osirix/ITK180/Code/Utilities/MetaIO -I ../../osirix/osirix/ITK180/Code/Utilities/expat -I ../../osirix/osirix/ITK180/Code/Utilities/NrrdIO -I ../../osirix/osirix/ITK180/Code/Utilities/DICOMParser -I ../../osirix/osirix/ITK180/Utilities -I ../../osirix/osirix/ITK180/Utilities/vxl/vcl -I ../../osirix/osirix/ITK180/Utilities/vxl/core"; }; };
		B9C3BAAF0F5D9B89001D6931 /* CMIVSegmentCore.mm in Sources */ = {isa = PBXBuildFile; fileRef = B9C3BAAB0F5D9B89001D6931 /* CMIVSegmentCore.mm */; settings = {COMPILER_FLAGS = "-I ../../osirix/osirix/ITK180 -I ../../osirix/osirix/ITK180/Code -I ../../osirix/osirix/ITK180/Code/Algorithms -I ../../osirix/osirix/ITK180/Code/BasicFilters -I ../../osirix/osirix/ITK180/Code/Common -I ../../osirix/osirix/ITK180/Code/Numerics -I ../../osirix/osirix/ITK180/Code/IO -I ../../osirix/osirix/ITK180/Code/Numerics/FEM -I ../../osirix/osirix/ITK180/Code/Numerics/Statistics -I ../../osirix/osirix/ITK180/Code/SpatialObject -I ../../osirix/osirix/ITK180/Code/Utilities/MetaIO -I ../../osirix/osirix/ITK180/Code/Utilities/expat -I ../../osirix/osirix/ITK180/Code/Utilities/NrrdIO -I ../../osirix/osirix/ITK180/Code/Utilities/DICOMParser -I ../../osirix/osirix/ITK180/Utilities -I ../../osirix/osirix/ITK180/Utilities/vxl/vcl -I ../../osirix/osirix/ITK180/Utilities/vxl/core"; }; };
		B9C3BAB00F5D9B89001D6931 /* CMIVVesselPlotView.h in Headers */ = {isa = PBXBuildFile; fileRef = B9C3BAAC0F5D9B89001D6931 /* CMIVVesselPlotView.h */; };
		B9C3BAB10F5D9B89001D6931 /* CMIVVesselPlotView.m in Sources */ = {isa = PBXBuildFile; fileRef = B9C3BAAD0F5D9B89001D6931 /* CMIVVesselPlotView.m */; };
		B9C3BAB60F5D9BC0001D6931 /* camera.tiff in Resources */ = {isa = PBXBuildFile; fileRef = B9C3BAB20F5D9BC0001D6931 /* camera.tiff */; };
		B9C3BAB70F5D9BC0001D6931 /* CTAICON.tiff in Resources */ = {isa = PBXBuildFile; fileRef = B9C3BAB30F5D9BC0001D6931 /* CTAICON.tiff */; };
		B9C3BAB80F5D9BC0001D6931 /* Repulsor.tif in Resources */ = {isa = PBXBuildFile; fileRef = B9C3BAB40F5D9BC0001D6931 /* Repulsor.tif */; };
		B9C3BAB90F5D9BC0001D6931 /* trash.icns in Resources */ = {isa = PBXBuildFile; fileRef = B9C3BAB50F5D9BC0001D6931 /* trash.icns */; };
		B9C596A10D127F810082FCAF /* CMIVDCMView.h in Headers */ = {isa = PBXBuildFile; fileRef = B9C5969D0D127F810082FCAF /* CMIVDCMView.h */; };
		B9C596A20D127F810082FCAF /* CMIVDCMView.m in Sources */ = {isa = PBXBuildFile; fileRef = B9C5969E0D127F810082FCAF /* CMIVDCMView.m */; };
		B9CACF5B0B049C510099ADCE /* CMIVChopperController.mm in Sources */ = {isa = PBXBuildFile; fileRef = B9E3A0440B048ED300387A56 /* CMIVChopperController.mm */; };
		B9E39DE90B03648700387A56 /* CMIV_CTA_TOOLS.h in Headers */ = {isa = PBXBuildFile; fileRef = B9E39DE70B03648700387A56 /* CMIV_CTA_TOOLS.h */; };
		B9E39DEA0B03648700387A56 /* CMIV_CTA_TOOLS.mm in Sources */ = {isa = PBXBuildFile; fileRef = B9E39DE80B03648700387A56 /* CMIV_CTA_TOOLS.mm */; };
		B9E39DEC0B0364AB00387A56 /* CMIV_CTA_TOOLS_Prefix.pch in Headers */ = {isa = PBXBuildFile; fileRef = B9E39DEB0B0364AB00387A56 /* CMIV_CTA_TOOLS_Prefix.pch */; };
		B9E3A0450B048ED300387A56 /* CMIVChopperController.h in Headers */ = {isa = PBXBuildFile; fileRef = B9E3A0430B048ED300387A56 /* CMIVChopperController.h */; };
		B9FB33550B0A1FD000A5A87A /* CMIVContrastController.h in Headers */ = {isa = PBXBuildFile; fileRef = B9FB33530B0A1FD000A5A87A /* CMIVContrastController.h */; };
		B9FB33560B0A1FD000A5A87A /* CMIVContrastController.mm in Sources */ = {isa = PBXBuildFile; fileRef = B9FB33540B0A1FD000A5A87A /* CMIVContrastController.mm */; settings = {COMPILER_FLAGS = "-I ../../osirix/osirix/ITK180 -I ../../osirix/osirix/ITK180/Code -I ../../osirix/osirix/ITK180/Code/Algorithms -I ../../osirix/osirix/ITK180/Code/BasicFilters -I ../../osirix/osirix/ITK180/Code/Common -I ../../osirix/osirix/ITK180/Code/Numerics -I ../../osirix/osirix/ITK180/Code/IO -I ../../osirix/osirix/ITK180/Code/Numerics/FEM -I ../../osirix/osirix/ITK180/Code/Numerics/Statistics -I ../../osirix/osirix/ITK180/Code/SpatialObject -I ../../osirix/osirix/ITK180/Code/Utilities/MetaIO -I ../../osirix/osirix/ITK180/Code/Utilities/expat -I ../../osirix/osirix/ITK180/Code/Utilities/NrrdIO -I ../../osirix/osirix/ITK180/Code/Utilities/DICOMParser -I ../../osirix/osirix/ITK180/Utilities -I ../../osirix/osirix/ITK180/Utilities/vxl/vcl -I ../../osirix/osirix/ITK180/Utilities/vxl/core"; }; };
		CE7E504915020CDA00B6222F /* spline.C in Sources */ = {isa = PBXBuildFile; fileRef = CE7E504715020CDA00B6222F /* spline.C */; };
		CE7E504A15020CDA00B6222F /* spline.H in Headers */ = {isa = PBXBuildFile; fileRef = CE7E504815020CDA00B6222F /* spline.H */; };
/* End PBXBuildFile section */

/* Begin PBXFileReference section */
		089C1672FE841209C02AAC07 /* Foundation.framework */ = {isa = PBXFileReference; lastKnownFileType = wrapper.framework; name = Foundation.framework; path = /System/Library/Frameworks/Foundation.framework; sourceTree = "<absolute>"; };
		089C167EFE841241C02AAC07 /* English */ = {isa = PBXFileReference; fileEncoding = 10; lastKnownFileType = text.plist.strings; name = English; path = English.lproj/InfoPlist.strings; sourceTree = "<group>"; };
		089C167FFE841241C02AAC07 /* AppKit.framework */ = {isa = PBXFileReference; lastKnownFileType = wrapper.framework; name = AppKit.framework; path = /System/Library/Frameworks/AppKit.framework; sourceTree = "<absolute>"; };
		1058C7ADFEA557BF11CA2CBB /* Cocoa.framework */ = {isa = PBXFileReference; lastKnownFileType = wrapper.framework; name = Cocoa.framework; path = /System/Library/Frameworks/Cocoa.framework; sourceTree = "<absolute>"; };
		22C9712B0BA9BAC900ADA848 /* 3DRotate.tiff */ = {isa = PBXFileReference; lastKnownFileType = image.tiff; path = 3DRotate.tiff; sourceTree = "<group>"; };
		8D5B49B7048680CD000E48DA /* Info.plist */ = {isa = PBXFileReference; fileEncoding = 4; lastKnownFileType = text.plist.xml; path = Info.plist; sourceTree = "<group>"; };
		B2CA03C91D71E15700FFE8C9 /* OsiriX.framework */ = {isa = PBXFileReference; lastKnownFileType = wrapper.framework; name = OsiriX.framework; path = ../../horos/build/Development/OsiriX.framework; sourceTree = "<group>"; };
		B2D0016A1D71F010004E0564 /* libITKBiasCorrection-4.7.a */ = {isa = PBXFileReference; lastKnownFileType = archive.ar; name = "libITKBiasCorrection-4.7.a"; path = "../../horos/Binaries/ITKLibs/libITKBiasCorrection-4.7.a"; sourceTree = "<group>"; };
		B2D0016B1D71F010004E0564 /* libITKBioCell-4.7.a */ = {isa = PBXFileReference; lastKnownFileType = archive.ar; name = "libITKBioCell-4.7.a"; path = "../../horos/Binaries/ITKLibs/libITKBioCell-4.7.a"; sourceTree = "<group>"; };
		B2D0016C1D71F010004E0564 /* libITKCommon-4.7.a */ = {isa = PBXFileReference; lastKnownFileType = archive.ar; name = "libITKCommon-4.7.a"; path = "../../horos/Binaries/ITKLibs/libITKCommon-4.7.a"; sourceTree = "<group>"; };
		B2D0016D1D71F010004E0564 /* libITKDICOMParser-4.7.a */ = {isa = PBXFileReference; lastKnownFileType = archive.ar; name = "libITKDICOMParser-4.7.a"; path = "../../horos/Binaries/ITKLibs/libITKDICOMParser-4.7.a"; sourceTree = "<group>"; };
		B2D0016E1D71F010004E0564 /* libitkdouble-conversion-4.7.a */ = {isa = PBXFileReference; lastKnownFileType = archive.ar; name = "libitkdouble-conversion-4.7.a"; path = "../../horos/Binaries/ITKLibs/libitkdouble-conversion-4.7.a"; sourceTree = "<group>"; };
		B2D0016F1D71F010004E0564 /* libITKEXPAT-4.7.a */ = {isa = PBXFileReference; lastKnownFileType = archive.ar; name = "libITKEXPAT-4.7.a"; path = "../../horos/Binaries/ITKLibs/libITKEXPAT-4.7.a"; sourceTree = "<group>"; };
		B2D001701D71F010004E0564 /* libITKFEM-4.7.a */ = {isa = PBXFileReference; lastKnownFileType = archive.ar; name = "libITKFEM-4.7.a"; path = "../../horos/Binaries/ITKLibs/libITKFEM-4.7.a"; sourceTree = "<group>"; };
		B2D001711D71F010004E0564 /* libitkgdcmCommon-4.7.a */ = {isa = PBXFileReference; lastKnownFileType = archive.ar; name = "libitkgdcmCommon-4.7.a"; path = "../../horos/Binaries/ITKLibs/libitkgdcmCommon-4.7.a"; sourceTree = "<group>"; };
		B2D001721D71F010004E0564 /* libitkgdcmDICT-4.7.a */ = {isa = PBXFileReference; lastKnownFileType = archive.ar; name = "libitkgdcmDICT-4.7.a"; path = "../../horos/Binaries/ITKLibs/libitkgdcmDICT-4.7.a"; sourceTree = "<group>"; };
		B2D001731D71F010004E0564 /* libitkgdcmDSED-4.7.a */ = {isa = PBXFileReference; lastKnownFileType = archive.ar; name = "libitkgdcmDSED-4.7.a"; path = "../../horos/Binaries/ITKLibs/libitkgdcmDSED-4.7.a"; sourceTree = "<group>"; };
		B2D001741D71F010004E0564 /* libitkgdcmIOD-4.7.a */ = {isa = PBXFileReference; lastKnownFileType = archive.ar; name = "libitkgdcmIOD-4.7.a"; path = "../../horos/Binaries/ITKLibs/libitkgdcmIOD-4.7.a"; sourceTree = "<group>"; };
		B2D001751D71F010004E0564 /* libitkgdcmjpeg8-4.7.a */ = {isa = PBXFileReference; lastKnownFileType = archive.ar; name = "libitkgdcmjpeg8-4.7.a"; path = "../../horos/Binaries/ITKLibs/libitkgdcmjpeg8-4.7.a"; sourceTree = "<group>"; };
		B2D001761D71F010004E0564 /* libitkgdcmjpeg12-4.7.a */ = {isa = PBXFileReference; lastKnownFileType = archive.ar; name = "libitkgdcmjpeg12-4.7.a"; path = "../../horos/Binaries/ITKLibs/libitkgdcmjpeg12-4.7.a"; sourceTree = "<group>"; };
		B2D001771D71F011004E0564 /* libitkgdcmjpeg16-4.7.a */ = {isa = PBXFileReference; lastKnownFileType = archive.ar; name = "libitkgdcmjpeg16-4.7.a"; path = "../../horos/Binaries/ITKLibs/libitkgdcmjpeg16-4.7.a"; sourceTree = "<group>"; };
		B2D001781D71F011004E0564 /* libitkgdcmMSFF-4.7.a */ = {isa = PBXFileReference; lastKnownFileType = archive.ar; name = "libitkgdcmMSFF-4.7.a"; path = "../../horos/Binaries/ITKLibs/libitkgdcmMSFF-4.7.a"; sourceTree = "<group>"; };
		B2D001791D71F011004E0564 /* libitkgdcmuuid-4.7.a */ = {isa = PBXFileReference; lastKnownFileType = archive.ar; name = "libitkgdcmuuid-4.7.a"; path = "../../horos/Binaries/ITKLibs/libitkgdcmuuid-4.7.a"; sourceTree = "<group>"; };
		B2D0017A1D71F011004E0564 /* libITKgiftiio-4.7.a */ = {isa = PBXFileReference; lastKnownFileType = archive.ar; name = "libITKgiftiio-4.7.a"; path = "../../horos/Binaries/ITKLibs/libITKgiftiio-4.7.a"; sourceTree = "<group>"; };
		B2D0017B1D71F011004E0564 /* libitkhdf5_cpp-4.7.a */ = {isa = PBXFileReference; lastKnownFileType = archive.ar; name = "libitkhdf5_cpp-4.7.a"; path = "../../horos/Binaries/ITKLibs/libitkhdf5_cpp-4.7.a"; sourceTree = "<group>"; };
		B2D0017C1D71F011004E0564 /* libitkhdf5-4.7.a */ = {isa = PBXFileReference; lastKnownFileType = archive.ar; name = "libitkhdf5-4.7.a"; path = "../../horos/Binaries/ITKLibs/libitkhdf5-4.7.a"; sourceTree = "<group>"; };
		B2D0017D1D71F011004E0564 /* libITKIOBioRad-4.7.a */ = {isa = PBXFileReference; lastKnownFileType = archive.ar; name = "libITKIOBioRad-4.7.a"; path = "../../horos/Binaries/ITKLibs/libITKIOBioRad-4.7.a"; sourceTree = "<group>"; };
		B2D0017E1D71F011004E0564 /* libITKIOBMP-4.7.a */ = {isa = PBXFileReference; lastKnownFileType = archive.ar; name = "libITKIOBMP-4.7.a"; path = "../../horos/Binaries/ITKLibs/libITKIOBMP-4.7.a"; sourceTree = "<group>"; };
		B2D0017F1D71F011004E0564 /* libITKIOCSV-4.7.a */ = {isa = PBXFileReference; lastKnownFileType = archive.ar; name = "libITKIOCSV-4.7.a"; path = "../../horos/Binaries/ITKLibs/libITKIOCSV-4.7.a"; sourceTree = "<group>"; };
		B2D001801D71F011004E0564 /* libITKIOGDCM-4.7.a */ = {isa = PBXFileReference; lastKnownFileType = archive.ar; name = "libITKIOGDCM-4.7.a"; path = "../../horos/Binaries/ITKLibs/libITKIOGDCM-4.7.a"; sourceTree = "<group>"; };
		B2D001811D71F011004E0564 /* libITKIOGE-4.7.a */ = {isa = PBXFileReference; lastKnownFileType = archive.ar; name = "libITKIOGE-4.7.a"; path = "../../horos/Binaries/ITKLibs/libITKIOGE-4.7.a"; sourceTree = "<group>"; };
		B2D001821D71F011004E0564 /* libITKIOGIPL-4.7.a */ = {isa = PBXFileReference; lastKnownFileType = archive.ar; name = "libITKIOGIPL-4.7.a"; path = "../../horos/Binaries/ITKLibs/libITKIOGIPL-4.7.a"; sourceTree = "<group>"; };
		B2D001831D71F011004E0564 /* libITKIOHDF5-4.7.a */ = {isa = PBXFileReference; lastKnownFileType = archive.ar; name = "libITKIOHDF5-4.7.a"; path = "../../horos/Binaries/ITKLibs/libITKIOHDF5-4.7.a"; sourceTree = "<group>"; };
		B2D001841D71F011004E0564 /* libITKIOImageBase-4.7.a */ = {isa = PBXFileReference; lastKnownFileType = archive.ar; name = "libITKIOImageBase-4.7.a"; path = "../../horos/Binaries/ITKLibs/libITKIOImageBase-4.7.a"; sourceTree = "<group>"; };
		B2D001851D71F012004E0564 /* libITKIOIPL-4.7.a */ = {isa = PBXFileReference; lastKnownFileType = archive.ar; name = "libITKIOIPL-4.7.a"; path = "../../horos/Binaries/ITKLibs/libITKIOIPL-4.7.a"; sourceTree = "<group>"; };
		B2D001861D71F012004E0564 /* libITKIOJPEG-4.7.a */ = {isa = PBXFileReference; lastKnownFileType = archive.ar; name = "libITKIOJPEG-4.7.a"; path = "../../horos/Binaries/ITKLibs/libITKIOJPEG-4.7.a"; sourceTree = "<group>"; };
		B2D001871D71F012004E0564 /* libITKIOLSM-4.7.a */ = {isa = PBXFileReference; lastKnownFileType = archive.ar; name = "libITKIOLSM-4.7.a"; path = "../../horos/Binaries/ITKLibs/libITKIOLSM-4.7.a"; sourceTree = "<group>"; };
		B2D001881D71F012004E0564 /* libITKIOMesh-4.7.a */ = {isa = PBXFileReference; lastKnownFileType = archive.ar; name = "libITKIOMesh-4.7.a"; path = "../../horos/Binaries/ITKLibs/libITKIOMesh-4.7.a"; sourceTree = "<group>"; };
		B2D001891D71F012004E0564 /* libITKIOMeta-4.7.a */ = {isa = PBXFileReference; lastKnownFileType = archive.ar; name = "libITKIOMeta-4.7.a"; path = "../../horos/Binaries/ITKLibs/libITKIOMeta-4.7.a"; sourceTree = "<group>"; };
		B2D0018A1D71F012004E0564 /* libITKIOMRC-4.7.a */ = {isa = PBXFileReference; lastKnownFileType = archive.ar; name = "libITKIOMRC-4.7.a"; path = "../../horos/Binaries/ITKLibs/libITKIOMRC-4.7.a"; sourceTree = "<group>"; };
		B2D0018B1D71F012004E0564 /* libITKIONIFTI-4.7.a */ = {isa = PBXFileReference; lastKnownFileType = archive.ar; name = "libITKIONIFTI-4.7.a"; path = "../../horos/Binaries/ITKLibs/libITKIONIFTI-4.7.a"; sourceTree = "<group>"; };
		B2D0018C1D71F012004E0564 /* libITKIONRRD-4.7.a */ = {isa = PBXFileReference; lastKnownFileType = archive.ar; name = "libITKIONRRD-4.7.a"; path = "../../horos/Binaries/ITKLibs/libITKIONRRD-4.7.a"; sourceTree = "<group>"; };
		B2D0018D1D71F012004E0564 /* libITKIOPNG-4.7.a */ = {isa = PBXFileReference; lastKnownFileType = archive.ar; name = "libITKIOPNG-4.7.a"; path = "../../horos/Binaries/ITKLibs/libITKIOPNG-4.7.a"; sourceTree = "<group>"; };
		B2D0018E1D71F012004E0564 /* libITKIOSiemens-4.7.a */ = {isa = PBXFileReference; lastKnownFileType = archive.ar; name = "libITKIOSiemens-4.7.a"; path = "../../horos/Binaries/ITKLibs/libITKIOSiemens-4.7.a"; sourceTree = "<group>"; };
		B2D0018F1D71F012004E0564 /* libITKIOSpatialObjects-4.7.a */ = {isa = PBXFileReference; lastKnownFileType = archive.ar; name = "libITKIOSpatialObjects-4.7.a"; path = "../../horos/Binaries/ITKLibs/libITKIOSpatialObjects-4.7.a"; sourceTree = "<group>"; };
		B2D001901D71F012004E0564 /* libITKIOStimulate-4.7.a */ = {isa = PBXFileReference; lastKnownFileType = archive.ar; name = "libITKIOStimulate-4.7.a"; path = "../../horos/Binaries/ITKLibs/libITKIOStimulate-4.7.a"; sourceTree = "<group>"; };
		B2D001911D71F012004E0564 /* libITKIOTIFF-4.7.a */ = {isa = PBXFileReference; lastKnownFileType = archive.ar; name = "libITKIOTIFF-4.7.a"; path = "../../horos/Binaries/ITKLibs/libITKIOTIFF-4.7.a"; sourceTree = "<group>"; };
		B2D001921D71F012004E0564 /* libITKIOTransformBase-4.7.a */ = {isa = PBXFileReference; lastKnownFileType = archive.ar; name = "libITKIOTransformBase-4.7.a"; path = "../../horos/Binaries/ITKLibs/libITKIOTransformBase-4.7.a"; sourceTree = "<group>"; };
		B2D001931D71F013004E0564 /* libITKIOTransformHDF5-4.7.a */ = {isa = PBXFileReference; lastKnownFileType = archive.ar; name = "libITKIOTransformHDF5-4.7.a"; path = "../../horos/Binaries/ITKLibs/libITKIOTransformHDF5-4.7.a"; sourceTree = "<group>"; };
		B2D001941D71F013004E0564 /* libITKIOTransformInsightLegacy-4.7.a */ = {isa = PBXFileReference; lastKnownFileType = archive.ar; name = "libITKIOTransformInsightLegacy-4.7.a"; path = "../../horos/Binaries/ITKLibs/libITKIOTransformInsightLegacy-4.7.a"; sourceTree = "<group>"; };
		B2D001951D71F013004E0564 /* libITKIOTransformMatlab-4.7.a */ = {isa = PBXFileReference; lastKnownFileType = archive.ar; name = "libITKIOTransformMatlab-4.7.a"; path = "../../horos/Binaries/ITKLibs/libITKIOTransformMatlab-4.7.a"; sourceTree = "<group>"; };
		B2D001961D71F013004E0564 /* libITKIOVTK-4.7.a */ = {isa = PBXFileReference; lastKnownFileType = archive.ar; name = "libITKIOVTK-4.7.a"; path = "../../horos/Binaries/ITKLibs/libITKIOVTK-4.7.a"; sourceTree = "<group>"; };
		B2D001971D71F013004E0564 /* libITKIOXML-4.7.a */ = {isa = PBXFileReference; lastKnownFileType = archive.ar; name = "libITKIOXML-4.7.a"; path = "../../horos/Binaries/ITKLibs/libITKIOXML-4.7.a"; sourceTree = "<group>"; };
		B2D001981D71F013004E0564 /* libITKKLMRegionGrowing-4.7.a */ = {isa = PBXFileReference; lastKnownFileType = archive.ar; name = "libITKKLMRegionGrowing-4.7.a"; path = "../../horos/Binaries/ITKLibs/libITKKLMRegionGrowing-4.7.a"; sourceTree = "<group>"; };
		B2D001991D71F013004E0564 /* libITKLabelMap-4.7.a */ = {isa = PBXFileReference; lastKnownFileType = archive.ar; name = "libITKLabelMap-4.7.a"; path = "../../horos/Binaries/ITKLibs/libITKLabelMap-4.7.a"; sourceTree = "<group>"; };
		B2D0019A1D71F013004E0564 /* libITKMesh-4.7.a */ = {isa = PBXFileReference; lastKnownFileType = archive.ar; name = "libITKMesh-4.7.a"; path = "../../horos/Binaries/ITKLibs/libITKMesh-4.7.a"; sourceTree = "<group>"; };
		B2D0019B1D71F013004E0564 /* libITKMetaIO-4.7.a */ = {isa = PBXFileReference; lastKnownFileType = archive.ar; name = "libITKMetaIO-4.7.a"; path = "../../horos/Binaries/ITKLibs/libITKMetaIO-4.7.a"; sourceTree = "<group>"; };
		B2D0019C1D71F013004E0564 /* libitkNetlibSlatec-4.7.a */ = {isa = PBXFileReference; lastKnownFileType = archive.ar; name = "libitkNetlibSlatec-4.7.a"; path = "../../horos/Binaries/ITKLibs/libitkNetlibSlatec-4.7.a"; sourceTree = "<group>"; };
		B2D0019D1D71F013004E0564 /* libITKniftiio-4.7.a */ = {isa = PBXFileReference; lastKnownFileType = archive.ar; name = "libITKniftiio-4.7.a"; path = "../../horos/Binaries/ITKLibs/libITKniftiio-4.7.a"; sourceTree = "<group>"; };
		B2D0019E1D71F013004E0564 /* libITKNrrdIO-4.7.a */ = {isa = PBXFileReference; lastKnownFileType = archive.ar; name = "libITKNrrdIO-4.7.a"; path = "../../horos/Binaries/ITKLibs/libITKNrrdIO-4.7.a"; sourceTree = "<group>"; };
		B2D0019F1D71F013004E0564 /* libitkopenjpeg-4.7.a */ = {isa = PBXFileReference; lastKnownFileType = archive.ar; name = "libitkopenjpeg-4.7.a"; path = "../../horos/Binaries/ITKLibs/libitkopenjpeg-4.7.a"; sourceTree = "<group>"; };
		B2D001A01D71F014004E0564 /* libITKOptimizers-4.7.a */ = {isa = PBXFileReference; lastKnownFileType = archive.ar; name = "libITKOptimizers-4.7.a"; path = "../../horos/Binaries/ITKLibs/libITKOptimizers-4.7.a"; sourceTree = "<group>"; };
		B2D001A11D71F014004E0564 /* libITKOptimizersv4-4.7.a */ = {isa = PBXFileReference; lastKnownFileType = archive.ar; name = "libITKOptimizersv4-4.7.a"; path = "../../horos/Binaries/ITKLibs/libITKOptimizersv4-4.7.a"; sourceTree = "<group>"; };
		B2D001A21D71F014004E0564 /* libITKPath-4.7.a */ = {isa = PBXFileReference; lastKnownFileType = archive.ar; name = "libITKPath-4.7.a"; path = "../../horos/Binaries/ITKLibs/libITKPath-4.7.a"; sourceTree = "<group>"; };
		B2D001A31D71F014004E0564 /* libitkpng-4.7.a */ = {isa = PBXFileReference; lastKnownFileType = archive.ar; name = "libitkpng-4.7.a"; path = "../../horos/Binaries/ITKLibs/libitkpng-4.7.a"; sourceTree = "<group>"; };
		B2D001A41D71F014004E0564 /* libITKPolynomials-4.7.a */ = {isa = PBXFileReference; lastKnownFileType = archive.ar; name = "libITKPolynomials-4.7.a"; path = "../../horos/Binaries/ITKLibs/libITKPolynomials-4.7.a"; sourceTree = "<group>"; };
		B2D001A51D71F014004E0564 /* libITKQuadEdgeMesh-4.7.a */ = {isa = PBXFileReference; lastKnownFileType = archive.ar; name = "libITKQuadEdgeMesh-4.7.a"; path = "../../horos/Binaries/ITKLibs/libITKQuadEdgeMesh-4.7.a"; sourceTree = "<group>"; };
		B2D001A61D71F014004E0564 /* libITKSpatialObjects-4.7.a */ = {isa = PBXFileReference; lastKnownFileType = archive.ar; name = "libITKSpatialObjects-4.7.a"; path = "../../horos/Binaries/ITKLibs/libITKSpatialObjects-4.7.a"; sourceTree = "<group>"; };
		B2D001A71D71F014004E0564 /* libITKStatistics-4.7.a */ = {isa = PBXFileReference; lastKnownFileType = archive.ar; name = "libITKStatistics-4.7.a"; path = "../../horos/Binaries/ITKLibs/libITKStatistics-4.7.a"; sourceTree = "<group>"; };
		B2D001A81D71F014004E0564 /* libitksys-4.7.a */ = {isa = PBXFileReference; lastKnownFileType = archive.ar; name = "libitksys-4.7.a"; path = "../../horos/Binaries/ITKLibs/libitksys-4.7.a"; sourceTree = "<group>"; };
		B2D001A91D71F014004E0564 /* libitktiff-4.7.a */ = {isa = PBXFileReference; lastKnownFileType = archive.ar; name = "libitktiff-4.7.a"; path = "../../horos/Binaries/ITKLibs/libitktiff-4.7.a"; sourceTree = "<group>"; };
		B2D001AA1D71F014004E0564 /* libitkv3p_lsqr-4.7.a */ = {isa = PBXFileReference; lastKnownFileType = archive.ar; name = "libitkv3p_lsqr-4.7.a"; path = "../../horos/Binaries/ITKLibs/libitkv3p_lsqr-4.7.a"; sourceTree = "<group>"; };
		B2D001AB1D71F014004E0564 /* libitkv3p_netlib-4.7.a */ = {isa = PBXFileReference; lastKnownFileType = archive.ar; name = "libitkv3p_netlib-4.7.a"; path = "../../horos/Binaries/ITKLibs/libitkv3p_netlib-4.7.a"; sourceTree = "<group>"; };
		B2D001AC1D71F014004E0564 /* libitkvcl-4.7.a */ = {isa = PBXFileReference; lastKnownFileType = archive.ar; name = "libitkvcl-4.7.a"; path = "../../horos/Binaries/ITKLibs/libitkvcl-4.7.a"; sourceTree = "<group>"; };
		B2D001AD1D71F014004E0564 /* libITKVideoCore-4.7.a */ = {isa = PBXFileReference; lastKnownFileType = archive.ar; name = "libITKVideoCore-4.7.a"; path = "../../horos/Binaries/ITKLibs/libITKVideoCore-4.7.a"; sourceTree = "<group>"; };
		B2D001AE1D71F014004E0564 /* libITKVideoIO-4.7.a */ = {isa = PBXFileReference; lastKnownFileType = archive.ar; name = "libITKVideoIO-4.7.a"; path = "../../horos/Binaries/ITKLibs/libITKVideoIO-4.7.a"; sourceTree = "<group>"; };
		B2D001AF1D71F015004E0564 /* libitkvnl_algo-4.7.a */ = {isa = PBXFileReference; lastKnownFileType = archive.ar; name = "libitkvnl_algo-4.7.a"; path = "../../horos/Binaries/ITKLibs/libitkvnl_algo-4.7.a"; sourceTree = "<group>"; };
		B2D001B01D71F015004E0564 /* libitkvnl-4.7.a */ = {isa = PBXFileReference; lastKnownFileType = archive.ar; name = "libitkvnl-4.7.a"; path = "../../horos/Binaries/ITKLibs/libitkvnl-4.7.a"; sourceTree = "<group>"; };
		B2D001B11D71F015004E0564 /* libITKVNLInstantiation-4.7.a */ = {isa = PBXFileReference; lastKnownFileType = archive.ar; name = "libITKVNLInstantiation-4.7.a"; path = "../../horos/Binaries/ITKLibs/libITKVNLInstantiation-4.7.a"; sourceTree = "<group>"; };
		B2D001B21D71F015004E0564 /* libITKVTK-4.7.a */ = {isa = PBXFileReference; lastKnownFileType = archive.ar; name = "libITKVTK-4.7.a"; path = "../../horos/Binaries/ITKLibs/libITKVTK-4.7.a"; sourceTree = "<group>"; };
		B2D001B31D71F015004E0564 /* libITKVtkGlue-4.7.a */ = {isa = PBXFileReference; lastKnownFileType = archive.ar; name = "libITKVtkGlue-4.7.a"; path = "../../horos/Binaries/ITKLibs/libITKVtkGlue-4.7.a"; sourceTree = "<group>"; };
		B2D001B41D71F015004E0564 /* libITKWatersheds-4.7.a */ = {isa = PBXFileReference; lastKnownFileType = archive.ar; name = "libITKWatersheds-4.7.a"; path = "../../horos/Binaries/ITKLibs/libITKWatersheds-4.7.a"; sourceTree = "<group>"; };
		B2D001B51D71F015004E0564 /* libitkzlib-4.7.a */ = {isa = PBXFileReference; lastKnownFileType = archive.ar; name = "libitkzlib-4.7.a"; path = "../../horos/Binaries/ITKLibs/libitkzlib-4.7.a"; sourceTree = "<group>"; };
		B2D001B61D71F015004E0564 /* libITKznz-4.7.a */ = {isa = PBXFileReference; lastKnownFileType = archive.ar; name = "libITKznz-4.7.a"; path = "../../horos/Binaries/ITKLibs/libITKznz-4.7.a"; sourceTree = "<group>"; };
		B2D002041D71F999004E0564 /* OsiriXAPI.framework */ = {isa = PBXFileReference; lastKnownFileType = wrapper.framework; name = OsiriXAPI.framework; path = ../../horos/build/Development/OsiriXAPI.framework; sourceTree = "<group>"; };
		B909F0820D9F7F71002C42B5 /* CMIVBuketPirortyQueue.h */ = {isa = PBXFileReference; fileEncoding = 4; lastKnownFileType = sourcecode.c.h; path = CMIVBuketPirortyQueue.h; sourceTree = "<group>"; };
		B909F0830D9F7F71002C42B5 /* CMIVBuketPirortyQueue.m */ = {isa = PBXFileReference; fileEncoding = 4; lastKnownFileType = sourcecode.c.objc; path = CMIVBuketPirortyQueue.m; sourceTree = "<group>"; };
		B917308B0D9908C6005A0FF9 /* CMIV_AutoSeeding.h */ = {isa = PBXFileReference; fileEncoding = 4; lastKnownFileType = sourcecode.c.h; path = CMIV_AutoSeeding.h; sourceTree = "<group>"; };
		B917308C0D9908C6005A0FF9 /* CMIV_AutoSeeding.m */ = {isa = PBXFileReference; fileEncoding = 4; lastKnownFileType = sourcecode.c.objc; path = CMIV_AutoSeeding.m; sourceTree = "<group>"; };
		B917308D0D9908C7005A0FF9 /* CMIVAutoSeedingCore.h */ = {isa = PBXFileReference; fileEncoding = 4; lastKnownFileType = sourcecode.c.h; path = CMIVAutoSeedingCore.h; sourceTree = "<group>"; };
		B930E81C0B0B490400434C33 /* CMIVSegmentCore.h */ = {isa = PBXFileReference; fileEncoding = 30; lastKnownFileType = sourcecode.c.h; path = CMIVSegmentCore.h; sourceTree = "<group>"; };
		B95EA4350C54F418005A35CB /* logo.jpg */ = {isa = PBXFileReference; lastKnownFileType = image.jpeg; path = logo.jpg; sourceTree = "<group>"; };
		B969E7AE0D111DC700868834 /* CMIVWindow.h */ = {isa = PBXFileReference; fileEncoding = 4; lastKnownFileType = sourcecode.c.h; path = CMIVWindow.h; sourceTree = "<group>"; };
		B969E7AF0D111DC700868834 /* CMIVWindow.m */ = {isa = PBXFileReference; fileEncoding = 4; lastKnownFileType = sourcecode.c.objc; path = CMIVWindow.m; sourceTree = "<group>"; };
		B96B0F1F0B10B1B60044D904 /* CMIVVRcontroller.h */ = {isa = PBXFileReference; fileEncoding = 30; lastKnownFileType = sourcecode.c.h; path = CMIVVRcontroller.h; sourceTree = "<group>"; };
		B96B0F200B10B1B60044D904 /* CMIVVRcontroller.mm */ = {isa = PBXFileReference; fileEncoding = 30; lastKnownFileType = sourcecode.cpp.objcpp; path = CMIVVRcontroller.mm; sourceTree = "<group>"; };
		B98C764E0D312EF2004CBA19 /* CMIVCLUTOpacityView.h */ = {isa = PBXFileReference; fileEncoding = 4; lastKnownFileType = sourcecode.c.h; path = CMIVCLUTOpacityView.h; sourceTree = "<group>"; };
		B98C76530D313003004CBA19 /* CMIVCLUTOpacityView.mm */ = {isa = PBXFileReference; fileEncoding = 4; lastKnownFileType = sourcecode.cpp.objcpp; path = CMIVCLUTOpacityView.mm; sourceTree = "<group>"; };
		B9960E810C5A7F01004A4E89 /* CMIVSlider.h */ = {isa = PBXFileReference; fileEncoding = 4; lastKnownFileType = sourcecode.c.h; path = CMIVSlider.h; sourceTree = "<group>"; };
		B9960E820C5A7F01004A4E89 /* CMIVSlider.m */ = {isa = PBXFileReference; fileEncoding = 4; lastKnownFileType = sourcecode.c.objc; path = CMIVSlider.m; sourceTree = "<group>"; };
		B99791FE0D3E391B004D8613 /* AboutDlg.xib */ = {isa = PBXFileReference; lastKnownFileType = file.xib; path = AboutDlg.xib; sourceTree = "<group>"; };
		B99791FF0D3E391B004D8613 /* Chopper_Panel.xib */ = {isa = PBXFileReference; lastKnownFileType = file.xib; path = Chopper_Panel.xib; sourceTree = "<group>"; };
		B99792000D3E391B004D8613 /* Contrast_Panel.xib */ = {isa = PBXFileReference; lastKnownFileType = file.xib; path = Contrast_Panel.xib; sourceTree = "<group>"; };
		B99792010D3E391B004D8613 /* Save_Panel.xib */ = {isa = PBXFileReference; lastKnownFileType = file.xib; path = Save_Panel.xib; sourceTree = "<group>"; };
		B99792020D3E391B004D8613 /* Scissors_Panel.xib */ = {isa = PBXFileReference; lastKnownFileType = file.xib; path = Scissors_Panel.xib; sourceTree = "<group>"; };
		B99792030D3E391B004D8613 /* SegPreview.xib */ = {isa = PBXFileReference; lastKnownFileType = file.xib; path = SegPreview.xib; sourceTree = "<group>"; };
		B99792050D3E391B004D8613 /* VR_Panel.xib */ = {isa = PBXFileReference; lastKnownFileType = file.xib; path = VR_Panel.xib; sourceTree = "<group>"; };
		B9A4171D0B4BAF4D009AEE95 /* CMIV3DPoint.h */ = {isa = PBXFileReference; fileEncoding = 4; lastKnownFileType = sourcecode.c.h; path = CMIV3DPoint.h; sourceTree = "<group>"; };
		B9A4171E0B4BAF4D009AEE95 /* CMIV3DPoint.m */ = {isa = PBXFileReference; fileEncoding = 4; lastKnownFileType = sourcecode.c.objc; path = CMIV3DPoint.m; sourceTree = "<group>"; };
		B9ADCE050B3B31CD008B5B9C /* CMIVSaveResult.h */ = {isa = PBXFileReference; fileEncoding = 30; lastKnownFileType = sourcecode.c.h; path = CMIVSaveResult.h; sourceTree = "<group>"; };
		B9ADCE060B3B31CD008B5B9C /* CMIVSaveResult.m */ = {isa = PBXFileReference; fileEncoding = 30; lastKnownFileType = sourcecode.c.objc; path = CMIVSaveResult.m; sourceTree = "<group>"; };
		B9B07E980B67A703008879EF /* CMIVContrastPreview.h */ = {isa = PBXFileReference; fileEncoding = 30; lastKnownFileType = sourcecode.c.h; path = CMIVContrastPreview.h; sourceTree = "<group>"; };
		B9B07E990B67A703008879EF /* CMIVContrastPreview.mm */ = {isa = PBXFileReference; fileEncoding = 30; lastKnownFileType = sourcecode.cpp.objcpp; lineEnding = 0; path = CMIVContrastPreview.mm; sourceTree = "<group>"; xcLanguageSpecificationIdentifier = xcode.lang.objcpp; };
		B9B295EB0B0862A100505F84 /* Opened Polygon.tiff */ = {isa = PBXFileReference; lastKnownFileType = image.tiff; path = "Opened Polygon.tiff"; sourceTree = "<group>"; };
		B9B295EC0B0862A100505F84 /* Oval.tiff */ = {isa = PBXFileReference; lastKnownFileType = image.tiff; path = Oval.tiff; sourceTree = "<group>"; };
		B9B295ED0B0862A100505F84 /* Pencil.tiff */ = {isa = PBXFileReference; lastKnownFileType = image.tiff; path = Pencil.tiff; sourceTree = "<group>"; };
		B9B295EE0B0862A100505F84 /* Point.tiff */ = {isa = PBXFileReference; lastKnownFileType = image.tiff; path = Point.tiff; sourceTree = "<group>"; };
		B9B295EF0B0862A100505F84 /* WLWW.tif */ = {isa = PBXFileReference; lastKnownFileType = image.tiff; path = WLWW.tif; sourceTree = "<group>"; };
		B9B295F00B0862A100505F84 /* Zoom.tiff */ = {isa = PBXFileReference; lastKnownFileType = image.tiff; path = Zoom.tiff; sourceTree = "<group>"; };
		B9B29B030B145C1F00DE2C1F /* Cross.tiff */ = {isa = PBXFileReference; lastKnownFileType = image.tiff; path = Cross.tiff; sourceTree = "<group>"; };
		B9B29B040B145C1F00DE2C1F /* Move.tif */ = {isa = PBXFileReference; lastKnownFileType = image.tiff; path = Move.tif; sourceTree = "<group>"; };
		B9B29B050B145C1F00DE2C1F /* Rotate.tiff */ = {isa = PBXFileReference; lastKnownFileType = image.tiff; path = Rotate.tiff; sourceTree = "<group>"; };
		B9B29B8F0B147D2600DE2C1F /* CMIVScissorsController.h */ = {isa = PBXFileReference; fileEncoding = 30; lastKnownFileType = sourcecode.c.h; path = CMIVScissorsController.h; sourceTree = "<group>"; };
		B9B29B900B147D2600DE2C1F /* CMIVScissorsController.mm */ = {isa = PBXFileReference; fileEncoding = 30; lastKnownFileType = sourcecode.cpp.objcpp; path = CMIVScissorsController.mm; sourceTree = "<group>"; };
		B9B4195B0B36C8FC00AD244F /* CMIVExport.h */ = {isa = PBXFileReference; fileEncoding = 4; lastKnownFileType = sourcecode.c.h; path = CMIVExport.h; sourceTree = "<group>"; };
		B9B4195C0B36C8FC00AD244F /* CMIVExport.m */ = {isa = PBXFileReference; fileEncoding = 4; lastKnownFileType = sourcecode.c.objc; path = CMIVExport.m; sourceTree = "<group>"; };
		B9B4F7990B245953002E9350 /* Rectangle.tiff */ = {isa = PBXFileReference; lastKnownFileType = image.tiff; path = Rectangle.tiff; sourceTree = "<group>"; };
		B9B702030CA5460D00CF333E /* Length.tiff */ = {isa = PBXFileReference; lastKnownFileType = image.tiff; path = Length.tiff; sourceTree = "<group>"; };
		B9C3BAAA0F5D9B89001D6931 /* CMIVAutoSeedingCore.mm */ = {isa = PBXFileReference; fileEncoding = 4; lastKnownFileType = sourcecode.cpp.objcpp; path = CMIVAutoSeedingCore.mm; sourceTree = "<group>"; };
		B9C3BAAB0F5D9B89001D6931 /* CMIVSegmentCore.mm */ = {isa = PBXFileReference; fileEncoding = 4; lastKnownFileType = sourcecode.cpp.objcpp; path = CMIVSegmentCore.mm; sourceTree = "<group>"; };
		B9C3BAAC0F5D9B89001D6931 /* CMIVVesselPlotView.h */ = {isa = PBXFileReference; fileEncoding = 4; lastKnownFileType = sourcecode.c.h; path = CMIVVesselPlotView.h; sourceTree = "<group>"; };
		B9C3BAAD0F5D9B89001D6931 /* CMIVVesselPlotView.m */ = {isa = PBXFileReference; fileEncoding = 4; lastKnownFileType = sourcecode.c.objc; path = CMIVVesselPlotView.m; sourceTree = "<group>"; };
		B9C3BAB20F5D9BC0001D6931 /* camera.tiff */ = {isa = PBXFileReference; lastKnownFileType = image.tiff; path = camera.tiff; sourceTree = "<group>"; };
		B9C3BAB30F5D9BC0001D6931 /* CTAICON.tiff */ = {isa = PBXFileReference; lastKnownFileType = image.tiff; path = CTAICON.tiff; sourceTree = "<group>"; };
		B9C3BAB40F5D9BC0001D6931 /* Repulsor.tif */ = {isa = PBXFileReference; lastKnownFileType = image.tiff; path = Repulsor.tif; sourceTree = "<group>"; };
		B9C3BAB50F5D9BC0001D6931 /* trash.icns */ = {isa = PBXFileReference; lastKnownFileType = image.icns; path = trash.icns; sourceTree = "<group>"; };
		B9C5969D0D127F810082FCAF /* CMIVDCMView.h */ = {isa = PBXFileReference; fileEncoding = 4; lastKnownFileType = sourcecode.c.h; path = CMIVDCMView.h; sourceTree = "<group>"; };
		B9C5969E0D127F810082FCAF /* CMIVDCMView.m */ = {isa = PBXFileReference; fileEncoding = 4; lastKnownFileType = sourcecode.c.objc; path = CMIVDCMView.m; sourceTree = "<group>"; };
		B9E39DE70B03648700387A56 /* CMIV_CTA_TOOLS.h */ = {isa = PBXFileReference; fileEncoding = 30; lastKnownFileType = sourcecode.c.h; path = CMIV_CTA_TOOLS.h; sourceTree = "<group>"; };
		B9E39DE80B03648700387A56 /* CMIV_CTA_TOOLS.mm */ = {isa = PBXFileReference; fileEncoding = 30; lastKnownFileType = sourcecode.cpp.objcpp; path = CMIV_CTA_TOOLS.mm; sourceTree = "<group>"; };
		B9E39DEB0B0364AB00387A56 /* CMIV_CTA_TOOLS_Prefix.pch */ = {isa = PBXFileReference; fileEncoding = 30; lastKnownFileType = sourcecode.c.h; path = CMIV_CTA_TOOLS_Prefix.pch; sourceTree = "<group>"; };
		B9E39E0C0B0367C200387A56 /* CMIV_CTA_TOOLS.osirixplugin */ = {isa = PBXFileReference; explicitFileType = wrapper.cfbundle; includeInIndex = 0; path = CMIV_CTA_TOOLS.osirixplugin; sourceTree = BUILT_PRODUCTS_DIR; };
		B9E3A0430B048ED300387A56 /* CMIVChopperController.h */ = {isa = PBXFileReference; fileEncoding = 4; lastKnownFileType = sourcecode.c.h; path = CMIVChopperController.h; sourceTree = "<group>"; };
		B9E3A0440B048ED300387A56 /* CMIVChopperController.mm */ = {isa = PBXFileReference; fileEncoding = 30; lastKnownFileType = sourcecode.cpp.objcpp; path = CMIVChopperController.mm; sourceTree = "<group>"; };
		B9FB33530B0A1FD000A5A87A /* CMIVContrastController.h */ = {isa = PBXFileReference; fileEncoding = 30; lastKnownFileType = sourcecode.c.h; path = CMIVContrastController.h; sourceTree = "<group>"; };
		B9FB33540B0A1FD000A5A87A /* CMIVContrastController.mm */ = {isa = PBXFileReference; fileEncoding = 30; lastKnownFileType = sourcecode.cpp.objcpp; path = CMIVContrastController.mm; sourceTree = "<group>"; };
		CE7E504715020CDA00B6222F /* spline.C */ = {isa = PBXFileReference; fileEncoding = 4; lastKnownFileType = sourcecode.cpp.cpp; path = spline.C; sourceTree = "<group>"; };
		CE7E504815020CDA00B6222F /* spline.H */ = {isa = PBXFileReference; fileEncoding = 4; lastKnownFileType = sourcecode.cpp.h; path = spline.H; sourceTree = "<group>"; };
/* End PBXFileReference section */

/* Begin PBXFrameworksBuildPhase section */
		8D5B49B3048680CD000E48DA /* Frameworks */ = {
			isa = PBXFrameworksBuildPhase;
			buildActionMask = 2147483647;
			files = (
				B2D002051D71F999004E0564 /* OsiriXAPI.framework in Frameworks */,
				B2D001B71D71F015004E0564 /* libITKBiasCorrection-4.7.a in Frameworks */,
				B2D001B81D71F015004E0564 /* libITKBioCell-4.7.a in Frameworks */,
				B2D001B91D71F015004E0564 /* libITKCommon-4.7.a in Frameworks */,
				B2D001BA1D71F015004E0564 /* libITKDICOMParser-4.7.a in Frameworks */,
				B2D001BB1D71F015004E0564 /* libitkdouble-conversion-4.7.a in Frameworks */,
				B2D001BC1D71F015004E0564 /* libITKEXPAT-4.7.a in Frameworks */,
				B2D001BD1D71F015004E0564 /* libITKFEM-4.7.a in Frameworks */,
				B2D001BE1D71F015004E0564 /* libitkgdcmCommon-4.7.a in Frameworks */,
				B2D001BF1D71F015004E0564 /* libitkgdcmDICT-4.7.a in Frameworks */,
				B2D001C01D71F015004E0564 /* libitkgdcmDSED-4.7.a in Frameworks */,
				B2D001C11D71F015004E0564 /* libitkgdcmIOD-4.7.a in Frameworks */,
				B2D001C21D71F015004E0564 /* libitkgdcmjpeg8-4.7.a in Frameworks */,
				B2D001C31D71F015004E0564 /* libitkgdcmjpeg12-4.7.a in Frameworks */,
				B2D001C41D71F015004E0564 /* libitkgdcmjpeg16-4.7.a in Frameworks */,
				B2D001C51D71F015004E0564 /* libitkgdcmMSFF-4.7.a in Frameworks */,
				B2D001C61D71F015004E0564 /* libitkgdcmuuid-4.7.a in Frameworks */,
				B2D001C71D71F015004E0564 /* libITKgiftiio-4.7.a in Frameworks */,
				B2D001C81D71F015004E0564 /* libitkhdf5_cpp-4.7.a in Frameworks */,
				B2D001C91D71F015004E0564 /* libitkhdf5-4.7.a in Frameworks */,
				B2D001CA1D71F015004E0564 /* libITKIOBioRad-4.7.a in Frameworks */,
				B2D001CB1D71F015004E0564 /* libITKIOBMP-4.7.a in Frameworks */,
				B2D001CC1D71F015004E0564 /* libITKIOCSV-4.7.a in Frameworks */,
				B2D001CD1D71F015004E0564 /* libITKIOGDCM-4.7.a in Frameworks */,
				B2D001CE1D71F015004E0564 /* libITKIOGE-4.7.a in Frameworks */,
				B2D001CF1D71F015004E0564 /* libITKIOGIPL-4.7.a in Frameworks */,
				B2D001D01D71F015004E0564 /* libITKIOHDF5-4.7.a in Frameworks */,
				B2D001D11D71F015004E0564 /* libITKIOImageBase-4.7.a in Frameworks */,
				B2D001D21D71F015004E0564 /* libITKIOIPL-4.7.a in Frameworks */,
				B2D001D31D71F015004E0564 /* libITKIOJPEG-4.7.a in Frameworks */,
				B2D001D41D71F015004E0564 /* libITKIOLSM-4.7.a in Frameworks */,
				B2D001D51D71F015004E0564 /* libITKIOMesh-4.7.a in Frameworks */,
				B2D001D61D71F015004E0564 /* libITKIOMeta-4.7.a in Frameworks */,
				B2D001D71D71F015004E0564 /* libITKIOMRC-4.7.a in Frameworks */,
				B2D001D81D71F015004E0564 /* libITKIONIFTI-4.7.a in Frameworks */,
				B2D001D91D71F015004E0564 /* libITKIONRRD-4.7.a in Frameworks */,
				B2D001DA1D71F015004E0564 /* libITKIOPNG-4.7.a in Frameworks */,
				B2D001DB1D71F015004E0564 /* libITKIOSiemens-4.7.a in Frameworks */,
				B2D001DC1D71F015004E0564 /* libITKIOSpatialObjects-4.7.a in Frameworks */,
				B2D001DD1D71F015004E0564 /* libITKIOStimulate-4.7.a in Frameworks */,
				B2D001DE1D71F015004E0564 /* libITKIOTIFF-4.7.a in Frameworks */,
				B2D001DF1D71F015004E0564 /* libITKIOTransformBase-4.7.a in Frameworks */,
				B2D001E01D71F015004E0564 /* libITKIOTransformHDF5-4.7.a in Frameworks */,
				B2D001E11D71F015004E0564 /* libITKIOTransformInsightLegacy-4.7.a in Frameworks */,
				B2D001E21D71F015004E0564 /* libITKIOTransformMatlab-4.7.a in Frameworks */,
				B2D001E31D71F015004E0564 /* libITKIOVTK-4.7.a in Frameworks */,
				B2D001E41D71F015004E0564 /* libITKIOXML-4.7.a in Frameworks */,
				B2D001E51D71F015004E0564 /* libITKKLMRegionGrowing-4.7.a in Frameworks */,
				B2D001E61D71F015004E0564 /* libITKLabelMap-4.7.a in Frameworks */,
				B2D001E71D71F015004E0564 /* libITKMesh-4.7.a in Frameworks */,
				B2D001E81D71F015004E0564 /* libITKMetaIO-4.7.a in Frameworks */,
				B2D001E91D71F015004E0564 /* libitkNetlibSlatec-4.7.a in Frameworks */,
				B2D001EA1D71F015004E0564 /* libITKniftiio-4.7.a in Frameworks */,
				B2D001EB1D71F015004E0564 /* libITKNrrdIO-4.7.a in Frameworks */,
				B2D001EC1D71F015004E0564 /* libitkopenjpeg-4.7.a in Frameworks */,
				B2D001ED1D71F015004E0564 /* libITKOptimizers-4.7.a in Frameworks */,
				B2D001EE1D71F015004E0564 /* libITKOptimizersv4-4.7.a in Frameworks */,
				B2D001EF1D71F015004E0564 /* libITKPath-4.7.a in Frameworks */,
				B2D001F01D71F015004E0564 /* libitkpng-4.7.a in Frameworks */,
				B2D001F11D71F015004E0564 /* libITKPolynomials-4.7.a in Frameworks */,
				B2D001F21D71F015004E0564 /* libITKQuadEdgeMesh-4.7.a in Frameworks */,
				B2D001F31D71F015004E0564 /* libITKSpatialObjects-4.7.a in Frameworks */,
				B2D001F41D71F015004E0564 /* libITKStatistics-4.7.a in Frameworks */,
				B2D001F51D71F015004E0564 /* libitksys-4.7.a in Frameworks */,
				B2D001F61D71F015004E0564 /* libitktiff-4.7.a in Frameworks */,
				B2D001F71D71F015004E0564 /* libitkv3p_lsqr-4.7.a in Frameworks */,
				B2D001F81D71F015004E0564 /* libitkv3p_netlib-4.7.a in Frameworks */,
				B2D001F91D71F015004E0564 /* libitkvcl-4.7.a in Frameworks */,
				B2D001FA1D71F015004E0564 /* libITKVideoCore-4.7.a in Frameworks */,
				B2D001FB1D71F015004E0564 /* libITKVideoIO-4.7.a in Frameworks */,
				B2D001FC1D71F015004E0564 /* libitkvnl_algo-4.7.a in Frameworks */,
				B2D001FD1D71F015004E0564 /* libitkvnl-4.7.a in Frameworks */,
				B2D001FE1D71F015004E0564 /* libITKVNLInstantiation-4.7.a in Frameworks */,
				B2D001FF1D71F015004E0564 /* libITKVTK-4.7.a in Frameworks */,
				B2D002001D71F015004E0564 /* libITKVtkGlue-4.7.a in Frameworks */,
				B2D002011D71F015004E0564 /* libITKWatersheds-4.7.a in Frameworks */,
				B2D002021D71F015004E0564 /* libitkzlib-4.7.a in Frameworks */,
				B2D002031D71F015004E0564 /* libITKznz-4.7.a in Frameworks */,
				B2CA03CA1D71E15700FFE8C9 /* OsiriX.framework in Frameworks */,
				8D5B49B4048680CD000E48DA /* Cocoa.framework in Frameworks */,
			);
			runOnlyForDeploymentPostprocessing = 0;
		};
/* End PBXFrameworksBuildPhase section */

/* Begin PBXGroup section */
		089C166AFE841209C02AAC07 /* Duplicate */ = {
			isa = PBXGroup;
			children = (
				CEA04B9A1502005300E162E3 /* VTKHeaders */,
				AB0E6ABC0FAF478E00A5C046 /* ITKLibs */,
				08FB77AFFE84173DC02AAC07 /* Classes */,
				32C88E010371C26100C91783 /* Other Sources */,
				089C167CFE841241C02AAC07 /* Resources */,
				089C1671FE841209C02AAC07 /* Frameworks and Libraries */,
				19C28FB8FE9D52D311CA2CBB /* Products */,
			);
			name = Duplicate;
			sourceTree = "<group>";
		};
		089C1671FE841209C02AAC07 /* Frameworks and Libraries */ = {
			isa = PBXGroup;
			children = (
				B2D002041D71F999004E0564 /* OsiriXAPI.framework */,
				B2CA03C91D71E15700FFE8C9 /* OsiriX.framework */,
				1058C7ACFEA557BF11CA2CBB /* Linked Frameworks */,
				1058C7AEFEA557BF11CA2CBB /* Other Frameworks */,
			);
			name = "Frameworks and Libraries";
			sourceTree = "<group>";
		};
		089C167CFE841241C02AAC07 /* Resources */ = {
			isa = PBXGroup;
			children = (
				B9C3BAB20F5D9BC0001D6931 /* camera.tiff */,
				B9C3BAB30F5D9BC0001D6931 /* CTAICON.tiff */,
				B9C3BAB40F5D9BC0001D6931 /* Repulsor.tif */,
				B9C3BAB50F5D9BC0001D6931 /* trash.icns */,
				B99791FE0D3E391B004D8613 /* AboutDlg.xib */,
				B99791FF0D3E391B004D8613 /* Chopper_Panel.xib */,
				B99792000D3E391B004D8613 /* Contrast_Panel.xib */,
				B99792010D3E391B004D8613 /* Save_Panel.xib */,
				B99792020D3E391B004D8613 /* Scissors_Panel.xib */,
				B99792030D3E391B004D8613 /* SegPreview.xib */,
				B99792050D3E391B004D8613 /* VR_Panel.xib */,
				B9B295EA0B085E9B00505F84 /* ICON */,
				8D5B49B7048680CD000E48DA /* Info.plist */,
				089C167DFE841241C02AAC07 /* InfoPlist.strings */,
			);
			name = Resources;
			sourceTree = "<group>";
		};
		08FB77AFFE84173DC02AAC07 /* Classes */ = {
			isa = PBXGroup;
			children = (
				B98D355B0C4CE6AC00DA7EA2 /* Spline C */,
				AB2C26750677B0C400A08910 /* CMIV_CTA_TOOLS */,
			);
			name = Classes;
			sourceTree = "<group>";
		};
		1058C7ACFEA557BF11CA2CBB /* Linked Frameworks */ = {
			isa = PBXGroup;
			children = (
				1058C7ADFEA557BF11CA2CBB /* Cocoa.framework */,
			);
			name = "Linked Frameworks";
			sourceTree = "<group>";
		};
		1058C7AEFEA557BF11CA2CBB /* Other Frameworks */ = {
			isa = PBXGroup;
			children = (
				089C1672FE841209C02AAC07 /* Foundation.framework */,
				089C167FFE841241C02AAC07 /* AppKit.framework */,
			);
			name = "Other Frameworks";
			sourceTree = "<group>";
		};
		19C28FB8FE9D52D311CA2CBB /* Products */ = {
			isa = PBXGroup;
			children = (
				B9E39E0C0B0367C200387A56 /* CMIV_CTA_TOOLS.osirixplugin */,
			);
			name = Products;
			sourceTree = "<group>";
		};
		32C88E010371C26100C91783 /* Other Sources */ = {
			isa = PBXGroup;
			children = (
				B9E39DEB0B0364AB00387A56 /* CMIV_CTA_TOOLS_Prefix.pch */,
			);
			name = "Other Sources";
			sourceTree = "<group>";
		};
		AB0E6ABC0FAF478E00A5C046 /* ITKLibs */ = {
			isa = PBXGroup;
			children = (
				B2D0016A1D71F010004E0564 /* libITKBiasCorrection-4.7.a */,
				B2D0016B1D71F010004E0564 /* libITKBioCell-4.7.a */,
				B2D0016C1D71F010004E0564 /* libITKCommon-4.7.a */,
				B2D0016D1D71F010004E0564 /* libITKDICOMParser-4.7.a */,
				B2D0016E1D71F010004E0564 /* libitkdouble-conversion-4.7.a */,
				B2D0016F1D71F010004E0564 /* libITKEXPAT-4.7.a */,
				B2D001701D71F010004E0564 /* libITKFEM-4.7.a */,
				B2D001711D71F010004E0564 /* libitkgdcmCommon-4.7.a */,
				B2D001721D71F010004E0564 /* libitkgdcmDICT-4.7.a */,
				B2D001731D71F010004E0564 /* libitkgdcmDSED-4.7.a */,
				B2D001741D71F010004E0564 /* libitkgdcmIOD-4.7.a */,
				B2D001751D71F010004E0564 /* libitkgdcmjpeg8-4.7.a */,
				B2D001761D71F010004E0564 /* libitkgdcmjpeg12-4.7.a */,
				B2D001771D71F011004E0564 /* libitkgdcmjpeg16-4.7.a */,
				B2D001781D71F011004E0564 /* libitkgdcmMSFF-4.7.a */,
				B2D001791D71F011004E0564 /* libitkgdcmuuid-4.7.a */,
				B2D0017A1D71F011004E0564 /* libITKgiftiio-4.7.a */,
				B2D0017B1D71F011004E0564 /* libitkhdf5_cpp-4.7.a */,
				B2D0017C1D71F011004E0564 /* libitkhdf5-4.7.a */,
				B2D0017D1D71F011004E0564 /* libITKIOBioRad-4.7.a */,
				B2D0017E1D71F011004E0564 /* libITKIOBMP-4.7.a */,
				B2D0017F1D71F011004E0564 /* libITKIOCSV-4.7.a */,
				B2D001801D71F011004E0564 /* libITKIOGDCM-4.7.a */,
				B2D001811D71F011004E0564 /* libITKIOGE-4.7.a */,
				B2D001821D71F011004E0564 /* libITKIOGIPL-4.7.a */,
				B2D001831D71F011004E0564 /* libITKIOHDF5-4.7.a */,
				B2D001841D71F011004E0564 /* libITKIOImageBase-4.7.a */,
				B2D001851D71F012004E0564 /* libITKIOIPL-4.7.a */,
				B2D001861D71F012004E0564 /* libITKIOJPEG-4.7.a */,
				B2D001871D71F012004E0564 /* libITKIOLSM-4.7.a */,
				B2D001881D71F012004E0564 /* libITKIOMesh-4.7.a */,
				B2D001891D71F012004E0564 /* libITKIOMeta-4.7.a */,
				B2D0018A1D71F012004E0564 /* libITKIOMRC-4.7.a */,
				B2D0018B1D71F012004E0564 /* libITKIONIFTI-4.7.a */,
				B2D0018C1D71F012004E0564 /* libITKIONRRD-4.7.a */,
				B2D0018D1D71F012004E0564 /* libITKIOPNG-4.7.a */,
				B2D0018E1D71F012004E0564 /* libITKIOSiemens-4.7.a */,
				B2D0018F1D71F012004E0564 /* libITKIOSpatialObjects-4.7.a */,
				B2D001901D71F012004E0564 /* libITKIOStimulate-4.7.a */,
				B2D001911D71F012004E0564 /* libITKIOTIFF-4.7.a */,
				B2D001921D71F012004E0564 /* libITKIOTransformBase-4.7.a */,
				B2D001931D71F013004E0564 /* libITKIOTransformHDF5-4.7.a */,
				B2D001941D71F013004E0564 /* libITKIOTransformInsightLegacy-4.7.a */,
				B2D001951D71F013004E0564 /* libITKIOTransformMatlab-4.7.a */,
				B2D001961D71F013004E0564 /* libITKIOVTK-4.7.a */,
				B2D001971D71F013004E0564 /* libITKIOXML-4.7.a */,
				B2D001981D71F013004E0564 /* libITKKLMRegionGrowing-4.7.a */,
				B2D001991D71F013004E0564 /* libITKLabelMap-4.7.a */,
				B2D0019A1D71F013004E0564 /* libITKMesh-4.7.a */,
				B2D0019B1D71F013004E0564 /* libITKMetaIO-4.7.a */,
				B2D0019C1D71F013004E0564 /* libitkNetlibSlatec-4.7.a */,
				B2D0019D1D71F013004E0564 /* libITKniftiio-4.7.a */,
				B2D0019E1D71F013004E0564 /* libITKNrrdIO-4.7.a */,
				B2D0019F1D71F013004E0564 /* libitkopenjpeg-4.7.a */,
				B2D001A01D71F014004E0564 /* libITKOptimizers-4.7.a */,
				B2D001A11D71F014004E0564 /* libITKOptimizersv4-4.7.a */,
				B2D001A21D71F014004E0564 /* libITKPath-4.7.a */,
				B2D001A31D71F014004E0564 /* libitkpng-4.7.a */,
				B2D001A41D71F014004E0564 /* libITKPolynomials-4.7.a */,
				B2D001A51D71F014004E0564 /* libITKQuadEdgeMesh-4.7.a */,
				B2D001A61D71F014004E0564 /* libITKSpatialObjects-4.7.a */,
				B2D001A71D71F014004E0564 /* libITKStatistics-4.7.a */,
				B2D001A81D71F014004E0564 /* libitksys-4.7.a */,
				B2D001A91D71F014004E0564 /* libitktiff-4.7.a */,
				B2D001AA1D71F014004E0564 /* libitkv3p_lsqr-4.7.a */,
				B2D001AB1D71F014004E0564 /* libitkv3p_netlib-4.7.a */,
				B2D001AC1D71F014004E0564 /* libitkvcl-4.7.a */,
				B2D001AD1D71F014004E0564 /* libITKVideoCore-4.7.a */,
				B2D001AE1D71F014004E0564 /* libITKVideoIO-4.7.a */,
				B2D001AF1D71F015004E0564 /* libitkvnl_algo-4.7.a */,
				B2D001B01D71F015004E0564 /* libitkvnl-4.7.a */,
				B2D001B11D71F015004E0564 /* libITKVNLInstantiation-4.7.a */,
				B2D001B21D71F015004E0564 /* libITKVTK-4.7.a */,
				B2D001B31D71F015004E0564 /* libITKVtkGlue-4.7.a */,
				B2D001B41D71F015004E0564 /* libITKWatersheds-4.7.a */,
				B2D001B51D71F015004E0564 /* libitkzlib-4.7.a */,
				B2D001B61D71F015004E0564 /* libITKznz-4.7.a */,
			);
			name = ITKLibs;
			sourceTree = "<group>";
		};
		AB2C26750677B0C400A08910 /* CMIV_CTA_TOOLS */ = {
			isa = PBXGroup;
			children = (
				B9C3BAAC0F5D9B89001D6931 /* CMIVVesselPlotView.h */,
				B9C3BAAD0F5D9B89001D6931 /* CMIVVesselPlotView.m */,
				B917308B0D9908C6005A0FF9 /* CMIV_AutoSeeding.h */,
				B917308C0D9908C6005A0FF9 /* CMIV_AutoSeeding.m */,
				B917308D0D9908C7005A0FF9 /* CMIVAutoSeedingCore.h */,
				B9C3BAAA0F5D9B89001D6931 /* CMIVAutoSeedingCore.mm */,
				B9E39DE70B03648700387A56 /* CMIV_CTA_TOOLS.h */,
				B9E39DE80B03648700387A56 /* CMIV_CTA_TOOLS.mm */,
				B9ADCE050B3B31CD008B5B9C /* CMIVSaveResult.h */,
				B9ADCE060B3B31CD008B5B9C /* CMIVSaveResult.m */,
				B930E81C0B0B490400434C33 /* CMIVSegmentCore.h */,
				B9C3BAAB0F5D9B89001D6931 /* CMIVSegmentCore.mm */,
				B9E3A0430B048ED300387A56 /* CMIVChopperController.h */,
				B9E3A0440B048ED300387A56 /* CMIVChopperController.mm */,
				B9FB33530B0A1FD000A5A87A /* CMIVContrastController.h */,
				B9FB33540B0A1FD000A5A87A /* CMIVContrastController.mm */,
				B9B07E980B67A703008879EF /* CMIVContrastPreview.h */,
				B9B07E990B67A703008879EF /* CMIVContrastPreview.mm */,
				B96B0F1F0B10B1B60044D904 /* CMIVVRcontroller.h */,
				B96B0F200B10B1B60044D904 /* CMIVVRcontroller.mm */,
				B98C764E0D312EF2004CBA19 /* CMIVCLUTOpacityView.h */,
				B98C76530D313003004CBA19 /* CMIVCLUTOpacityView.mm */,
				B9B29B8F0B147D2600DE2C1F /* CMIVScissorsController.h */,
				B9B29B900B147D2600DE2C1F /* CMIVScissorsController.mm */,
				B9C5969D0D127F810082FCAF /* CMIVDCMView.h */,
				B9C5969E0D127F810082FCAF /* CMIVDCMView.m */,
				B9B4195B0B36C8FC00AD244F /* CMIVExport.h */,
				B9B4195C0B36C8FC00AD244F /* CMIVExport.m */,
				B9A4171D0B4BAF4D009AEE95 /* CMIV3DPoint.h */,
				B9A4171E0B4BAF4D009AEE95 /* CMIV3DPoint.m */,
				B9960E810C5A7F01004A4E89 /* CMIVSlider.h */,
				B9960E820C5A7F01004A4E89 /* CMIVSlider.m */,
				B969E7AE0D111DC700868834 /* CMIVWindow.h */,
				B969E7AF0D111DC700868834 /* CMIVWindow.m */,
				B909F0820D9F7F71002C42B5 /* CMIVBuketPirortyQueue.h */,
				B909F0830D9F7F71002C42B5 /* CMIVBuketPirortyQueue.m */,
			);
			name = CMIV_CTA_TOOLS;
			sourceTree = "<group>";
		};
		B98D355B0C4CE6AC00DA7EA2 /* Spline C */ = {
			isa = PBXGroup;
			children = (
				CE7E504715020CDA00B6222F /* spline.C */,
				CE7E504815020CDA00B6222F /* spline.H */,
			);
			name = "Spline C";
			sourceTree = "<group>";
		};
		B9B295EA0B085E9B00505F84 /* ICON */ = {
			isa = PBXGroup;
			children = (
				B9B702030CA5460D00CF333E /* Length.tiff */,
				B95EA4350C54F418005A35CB /* logo.jpg */,
				22C9712B0BA9BAC900ADA848 /* 3DRotate.tiff */,
				B9B4F7990B245953002E9350 /* Rectangle.tiff */,
				B9B29B030B145C1F00DE2C1F /* Cross.tiff */,
				B9B29B040B145C1F00DE2C1F /* Move.tif */,
				B9B29B050B145C1F00DE2C1F /* Rotate.tiff */,
				B9B295EB0B0862A100505F84 /* Opened Polygon.tiff */,
				B9B295EC0B0862A100505F84 /* Oval.tiff */,
				B9B295ED0B0862A100505F84 /* Pencil.tiff */,
				B9B295EE0B0862A100505F84 /* Point.tiff */,
				B9B295EF0B0862A100505F84 /* WLWW.tif */,
				B9B295F00B0862A100505F84 /* Zoom.tiff */,
			);
			name = ICON;
			sourceTree = "<group>";
		};
		CEA04B9A1502005300E162E3 /* VTKHeaders */ = {
			isa = PBXGroup;
			children = (
			);
			name = VTKHeaders;
			sourceTree = "<group>";
		};
/* End PBXGroup section */

/* Begin PBXHeadersBuildPhase section */
		8D5B49AD048680CD000E48DA /* Headers */ = {
			isa = PBXHeadersBuildPhase;
			buildActionMask = 2147483647;
			files = (
				B9E39DE90B03648700387A56 /* CMIV_CTA_TOOLS.h in Headers */,
				B9E39DEC0B0364AB00387A56 /* CMIV_CTA_TOOLS_Prefix.pch in Headers */,
				B9E3A0450B048ED300387A56 /* CMIVChopperController.h in Headers */,
				B9FB33550B0A1FD000A5A87A /* CMIVContrastController.h in Headers */,
				B930E81E0B0B490400434C33 /* CMIVSegmentCore.h in Headers */,
				B96B0F210B10B1B60044D904 /* CMIVVRcontroller.h in Headers */,
				B9B29B910B147D2600DE2C1F /* CMIVScissorsController.h in Headers */,
				B9B4195D0B36C8FC00AD244F /* CMIVExport.h in Headers */,
				B9ADCE070B3B31CD008B5B9C /* CMIVSaveResult.h in Headers */,
				B9A4171F0B4BAF4D009AEE95 /* CMIV3DPoint.h in Headers */,
				B9B07E9A0B67A703008879EF /* CMIVContrastPreview.h in Headers */,
				B9960E830C5A7F01004A4E89 /* CMIVSlider.h in Headers */,
				B969E7B00D111DC700868834 /* CMIVWindow.h in Headers */,
				B9C596A10D127F810082FCAF /* CMIVDCMView.h in Headers */,
				B98C764F0D312EF2004CBA19 /* CMIVCLUTOpacityView.h in Headers */,
				B917308F0D9908C7005A0FF9 /* CMIV_AutoSeeding.h in Headers */,
				B91730910D9908C7005A0FF9 /* CMIVAutoSeedingCore.h in Headers */,
				B909F0840D9F7F71002C42B5 /* CMIVBuketPirortyQueue.h in Headers */,
				B9C3BAB00F5D9B89001D6931 /* CMIVVesselPlotView.h in Headers */,
				CE7E504A15020CDA00B6222F /* spline.H in Headers */,
			);
			runOnlyForDeploymentPostprocessing = 0;
		};
/* End PBXHeadersBuildPhase section */

/* Begin PBXNativeTarget section */
		8D5B49AC048680CD000E48DA /* CMIV_CTA_TOOLS */ = {
			isa = PBXNativeTarget;
			buildConfigurationList = CE6A9A9008AC841300D0C1EE /* Build configuration list for PBXNativeTarget "CMIV_CTA_TOOLS" */;
			buildPhases = (
				8D5B49AD048680CD000E48DA /* Headers */,
				8D5B49AF048680CD000E48DA /* Resources */,
				8D5B49B1048680CD000E48DA /* Sources */,
				8D5B49B3048680CD000E48DA /* Frameworks */,
				8D5B49B5048680CD000E48DA /* Rez */,
			);
			buildRules = (
			);
			dependencies = (
			);
			name = CMIV_CTA_TOOLS;
			productInstallPath = "$(HOME)/Library/Bundles";
			productName = Invert;
			productReference = B9E39E0C0B0367C200387A56 /* CMIV_CTA_TOOLS.osirixplugin */;
			productType = "com.apple.product-type.bundle";
		};
/* End PBXNativeTarget section */

/* Begin PBXProject section */
		089C1669FE841209C02AAC07 /* Project object */ = {
			isa = PBXProject;
			attributes = {
			};
			buildConfigurationList = CE6A9A9408AC841300D0C1EE /* Build configuration list for PBXProject "CMIV_CTA_TOOLS" */;
			compatibilityVersion = "Xcode 2.4";
			developmentRegion = English;
			hasScannedForEncodings = 1;
			knownRegions = (
				English,
				Japanese,
				French,
				German,
			);
			mainGroup = 089C166AFE841209C02AAC07 /* Duplicate */;
			projectDirPath = "";
			projectRoot = "";
			targets = (
				8D5B49AC048680CD000E48DA /* CMIV_CTA_TOOLS */,
			);
		};
/* End PBXProject section */

/* Begin PBXResourcesBuildPhase section */
		8D5B49AF048680CD000E48DA /* Resources */ = {
			isa = PBXResourcesBuildPhase;
			buildActionMask = 2147483647;
			files = (
				8D5B49B0048680CD000E48DA /* InfoPlist.strings in Resources */,
				B9B295F10B0862A100505F84 /* Opened Polygon.tiff in Resources */,
				B9B295F20B0862A100505F84 /* Oval.tiff in Resources */,
				B9B295F30B0862A100505F84 /* Pencil.tiff in Resources */,
				B9B295F40B0862A100505F84 /* Point.tiff in Resources */,
				B9B295F50B0862A100505F84 /* WLWW.tif in Resources */,
				B9B295F60B0862A100505F84 /* Zoom.tiff in Resources */,
				B9B29B060B145C1F00DE2C1F /* Cross.tiff in Resources */,
				B9B29B070B145C1F00DE2C1F /* Move.tif in Resources */,
				B9B29B080B145C1F00DE2C1F /* Rotate.tiff in Resources */,
				B9B4F79A0B245953002E9350 /* Rectangle.tiff in Resources */,
				22C9712C0BA9BAC900ADA848 /* 3DRotate.tiff in Resources */,
				B95EA4360C54F418005A35CB /* logo.jpg in Resources */,
				B9B702040CA5460D00CF333E /* Length.tiff in Resources */,
				B99792060D3E391B004D8613 /* AboutDlg.xib in Resources */,
				B99792070D3E391B004D8613 /* Chopper_Panel.xib in Resources */,
				B99792080D3E391B004D8613 /* Contrast_Panel.xib in Resources */,
				B99792090D3E391B004D8613 /* Save_Panel.xib in Resources */,
				B997920A0D3E391B004D8613 /* Scissors_Panel.xib in Resources */,
				B997920B0D3E391B004D8613 /* SegPreview.xib in Resources */,
				B997920D0D3E391B004D8613 /* VR_Panel.xib in Resources */,
				B9C3BAB60F5D9BC0001D6931 /* camera.tiff in Resources */,
				B9C3BAB70F5D9BC0001D6931 /* CTAICON.tiff in Resources */,
				B9C3BAB80F5D9BC0001D6931 /* Repulsor.tif in Resources */,
				B9C3BAB90F5D9BC0001D6931 /* trash.icns in Resources */,
			);
			runOnlyForDeploymentPostprocessing = 0;
		};
/* End PBXResourcesBuildPhase section */

/* Begin PBXRezBuildPhase section */
		8D5B49B5048680CD000E48DA /* Rez */ = {
			isa = PBXRezBuildPhase;
			buildActionMask = 2147483647;
			files = (
			);
			runOnlyForDeploymentPostprocessing = 0;
		};
/* End PBXRezBuildPhase section */

/* Begin PBXSourcesBuildPhase section */
		8D5B49B1048680CD000E48DA /* Sources */ = {
			isa = PBXSourcesBuildPhase;
			buildActionMask = 2147483647;
			files = (
				B9FB33560B0A1FD000A5A87A /* CMIVContrastController.mm in Sources */,
				B9CACF5B0B049C510099ADCE /* CMIVChopperController.mm in Sources */,
				B96B0F220B10B1B60044D904 /* CMIVVRcontroller.mm in Sources */,
				B98C76540D313003004CBA19 /* CMIVCLUTOpacityView.mm in Sources */,
				B9B29B920B147D2600DE2C1F /* CMIVScissorsController.mm in Sources */,
				B9B07E9B0B67A703008879EF /* CMIVContrastPreview.mm in Sources */,
				B9B4195E0B36C8FC00AD244F /* CMIVExport.m in Sources */,
				B9ADCE080B3B31CD008B5B9C /* CMIVSaveResult.m in Sources */,
				B9A417200B4BAF4D009AEE95 /* CMIV3DPoint.m in Sources */,
				B9960E840C5A7F01004A4E89 /* CMIVSlider.m in Sources */,
				B969E7B10D111DC700868834 /* CMIVWindow.m in Sources */,
				B9C596A20D127F810082FCAF /* CMIVDCMView.m in Sources */,
				B9E39DEA0B03648700387A56 /* CMIV_CTA_TOOLS.mm in Sources */,
				B91730900D9908C7005A0FF9 /* CMIV_AutoSeeding.m in Sources */,
				B909F0850D9F7F71002C42B5 /* CMIVBuketPirortyQueue.m in Sources */,
				B9C3BAAE0F5D9B89001D6931 /* CMIVAutoSeedingCore.mm in Sources */,
				B9C3BAAF0F5D9B89001D6931 /* CMIVSegmentCore.mm in Sources */,
				B9C3BAB10F5D9B89001D6931 /* CMIVVesselPlotView.m in Sources */,
				CE7E504915020CDA00B6222F /* spline.C in Sources */,
			);
			runOnlyForDeploymentPostprocessing = 0;
		};
/* End PBXSourcesBuildPhase section */

/* Begin PBXVariantGroup section */
		089C167DFE841241C02AAC07 /* InfoPlist.strings */ = {
			isa = PBXVariantGroup;
			children = (
				089C167EFE841241C02AAC07 /* English */,
			);
			name = InfoPlist.strings;
			sourceTree = "<group>";
		};
/* End PBXVariantGroup section */

/* Begin XCBuildConfiguration section */
		CE6A9A9108AC841300D0C1EE /* Development */ = {
			isa = XCBuildConfiguration;
			buildSettings = {
				ARCHS = "$(ARCHS_STANDARD)";
				COPY_PHASE_STRIP = NO;
				FRAMEWORK_SEARCH_PATHS = (
					"$(SRCROOT)/../../horos/build/Development",
					"$(PROJECT_DIR)",
				);
				GCC_ENABLE_SSE3_EXTENSIONS = YES;
				GCC_ENABLE_TRIGRAPHS = NO;
				GCC_OBJC_CALL_CXX_CDTORS = YES;
				GCC_OPTIMIZATION_LEVEL = 0;
				GCC_PRECOMPILE_PREFIX_HEADER = YES;
				GCC_PREFIX_HEADER = CMIV_CTA_TOOLS_Prefix.pch;
				GCC_VERSION = "";
				GCC_WARN_FOUR_CHARACTER_CONSTANTS = NO;
				GCC_WARN_UNKNOWN_PRAGMAS = NO;
				HEADER_SEARCH_PATHS = "";
				INFOPLIST_FILE = Info.plist;
				INSTALL_PATH = "@executable_path/../Plug-ins";
				LIBRARY_SEARCH_PATHS = (
					"$(LIBRARY_SEARCH_PATHS)",
					"$(SRCROOT)",
					"$(SRCROOT)/../../horos/Binaries/VTKLibs",
					"$(SRCROOT)/../../horos/Binaries/ITKLibs",
					"$(LIBRARY_SEARCH_PATHS_QUOTED_FOR_TARGET_1)",
					"$(LIBRARY_SEARCH_PATHS_QUOTED_FOR_TARGET_1)",
					"$(LIBRARY_SEARCH_PATHS_QUOTED_FOR_TARGET_2)",
					"$(LIBRARY_SEARCH_PATHS_QUOTED_FOR_TARGET_3)",
					"$(LIBRARY_SEARCH_PATHS_QUOTED_FOR_TARGET_4)",
					"$(LIBRARY_SEARCH_PATHS_QUOTED_FOR_TARGET_5)",
					"$(LIBRARY_SEARCH_PATHS_QUOTED_FOR_TARGET_1)",
				);
				LIBRARY_SEARCH_PATHS_QUOTED_FOR_TARGET_1 = "\"$(SRCROOT)/../../horos/Binaries/ITKLibs\"";
				MACH_O_TYPE = mh_bundle;
				OTHER_CFLAGS = "";
				OTHER_LDFLAGS = (
					"-undefined",
					dynamic_lookup,
				);
				PRODUCT_NAME = CMIV_CTA_TOOLS;
				SDKROOT = macosx10.11;
				SECTORDER_FLAGS = "";
				USER_HEADER_SEARCH_PATHS = "$(SRCROOT)/../../horos/Binaries/ITKHeaders $(SRCROOT)/../../horos/Binaries/VTKHeaders";
				WARNING_CFLAGS = (
					"-Wmost",
					"-Wno-four-char-constants",
					"-Wno-unknown-pragmas",
				);
				WRAPPER_EXTENSION = osirixplugin;
			};
			name = Development;
		};
		CE6A9A9208AC841300D0C1EE /* Deployment */ = {
			isa = XCBuildConfiguration;
			buildSettings = {
				ARCHS = "$(ARCHS_STANDARD)";
				COPY_PHASE_STRIP = YES;
				FRAMEWORK_SEARCH_PATHS = (
					"$(SRCROOT)/../../horos/build/Development",
					"$(PROJECT_DIR)",
				);
				GCC_ENABLE_FIX_AND_CONTINUE = NO;
				GCC_ENABLE_TRIGRAPHS = NO;
				GCC_FAST_MATH = YES;
				GCC_PRECOMPILE_PREFIX_HEADER = YES;
				GCC_PREFIX_HEADER = CMIV_CTA_TOOLS_Prefix.pch;
				GCC_VERSION = "";
				GCC_WARN_FOUR_CHARACTER_CONSTANTS = NO;
				GCC_WARN_UNKNOWN_PRAGMAS = NO;
				HEADER_SEARCH_PATHS = "";
				INFOPLIST_FILE = Info.plist;
				LIBRARY_SEARCH_PATHS = (
					"$(LIBRARY_SEARCH_PATHS)",
					"$(SRCROOT)",
					"$(SRCROOT)/../../horos/Binaries/VTKLibs",
					"$(LIBRARY_SEARCH_PATHS_QUOTED_1)",
					"$(LIBRARY_SEARCH_PATHS_QUOTED_FOR_TARGET_1)",
					"$(LIBRARY_SEARCH_PATHS_QUOTED_FOR_TARGET_2)",
					"$(LIBRARY_SEARCH_PATHS_QUOTED_FOR_TARGET_3)",
					"$(LIBRARY_SEARCH_PATHS_QUOTED_FOR_TARGET_4)",
					"$(LIBRARY_SEARCH_PATHS_QUOTED_FOR_TARGET_5)",
					"$(LIBRARY_SEARCH_PATHS_QUOTED_FOR_TARGET_6)",
					"$(LIBRARY_SEARCH_PATHS_QUOTED_FOR_TARGET_1)",
				);
				LIBRARY_SEARCH_PATHS_QUOTED_FOR_TARGET_1 = "\"$(SRCROOT)/../../osirix/osirix/ITK180/lib\"";
				OTHER_CFLAGS = "";
				OTHER_LDFLAGS = (
					"-undefined",
					dynamic_lookup,
				);
				PRODUCT_NAME = CMIV_CTA_TOOLS;
				SDKROOT = macosx10.11;
				SECTORDER_FLAGS = "";
				USER_HEADER_SEARCH_PATHS = "$(SRCROOT)/../../horos/Binaries/ITKHeaders $(SRCROOT)/../../horos/Binaries/VTKHeaders";
				WARNING_CFLAGS = (
					"-Wmost",
					"-Wno-four-char-constants",
					"-Wno-unknown-pragmas",
				);
				WRAPPER_EXTENSION = osirixplugin;
			};
			name = Deployment;
		};
		CE6A9A9508AC841300D0C1EE /* Development */ = {
			isa = XCBuildConfiguration;
			buildSettings = {
				ALWAYS_SEARCH_USER_PATHS = YES;
				ARCHS = (
					i386,
					x86_64,
				);
				GCC_C_LANGUAGE_STANDARD = "compiler-default";
				GCC_OPTIMIZATION_LEVEL = 0;
				GCC_VERSION = com.apple.compilers.llvmgcc42;
				MACOSX_DEPLOYMENT_TARGET = 10.6;
				SDKROOT = macosx10.6;
				USER_HEADER_SEARCH_PATHS = "$(SRCROOT)/../../osirix/osirix/ITK180/Modules/Core/Common/include $(SRCROOT)/../../osirix/osirix/ITK180/Modules/ThirdParty/VNL/src/vxl/core $(SRCROOT)/../../osirix/osirix/ITK180/Modules/ThirdParty/VNL/src/vxl/vcl $(SRCROOT)/../../osirix/osirix/ITK180/Modules/Core/Common $(SRCROOT)/../../osirix/osirix/ITK180/Modules/Core/Mesh/include $(SRCROOT)/../../osirix/osirix/ITK180/Modules/Segmentation/RegionGrowing/include $(SRCROOT)/../../osirix/osirix/ITK180/Modules/Filtering/CurvatureFlow/include $(SRCROOT)/../../osirix/osirix/ITK180/Modules/Core/ImageFunction/include $(SRCROOT)/../../osirix/osirix/ITK180/Modules/Core/FiniteDifference/include $(SRCROOT)/../../osirix/osirix/ITK180/Modules/Filtering/ImageFilterBase/include $(SRCROOT)/../../osirix/osirix/ITK180/Modules/Segmentation/LevelSets/include $(SRCROOT)/../../osirix/osirix/ITK180/Modules/Filtering/FastMarching/include $(SRCROOT)/../../osirix/osirix/ITK180/Modules/Filtering/ImageIntensity/include $(SRCROOT)/../../osirix/osirix/ITK180/Modules/Bridge/VTK/include $(SRCROOT)/../../osirix/osirix/ITK180/Modules/Filtering/MathematicalMorphology/include $(SRCROOT)/../../osirix/osirix/ITK180/Modules/Core/Transform/include $(SRCROOT)/../../osirix/osirix/ITK180/Modules/Filtering/ImageGrid/include $(SRCROOT)/../../osirix/osirix/ITK180/Modules/Filtering/BinaryMathematicalMorphology/include $(SRCROOT)/../../osirix/osirix/ITK180/Modules/ThirdParty/NrrdIO/src/NrrdIO $(SRCROOT)/../../osirix/osirix/ITK180/Modules/Filtering/AnisotropicSmoothing/include $(SRCROOT)/../../osirix/osirix/ITK180/Modules/Filtering/ImageFeature/include $(SRCROOT)/../../osirix/osirix/ITK180/Modules/Filtering/Smoothing/include $(SRCROOT)/../../osirix/osirix/ITK180/Modules/Filtering/DistanceMap/include $(SRCROOT)/../../osirix/osirix/ITK180/Modules/Filtering/Thresholding/include $(SRCROOT)/../../osirix/osirix/ITK180/Modules/Core/SpatialObjects/include $(SRCROOT)/../../osirix/osirix/ITK180/Modules/Filtering/ImageGradient/include $(SRCROOT)/../../osirix/osirix/ITK180/Modules/IO/ImageBase/include $(SRCROOT)/../../osirix/osirix/ITK180/Modules/Core/ImageAdaptors/include $(SRCROOT)/../../osirix/osirix/ITK180/Modules/IO/ImageBase $(SRCROOT)/../../osirix/osirix/ITK180/Modules/Segmentation/ConnectedComponents/include $(SRCROOT)/../../osirix/osirix/ITK180/Modules/Filtering/ImageStatistics/include $(SRCROOT)/../../osirix/osirix/ITK180/Modules/Numerics/Statistics/include $(SRCROOT)/../../osirix/osirix/ITK180/Modules/ThirdParty/VNL/src/vxl/vcl/generic $(SRCROOT)/../../osirix/osirix/ITK180/Utilities/vxl/vcl $(SRCROOT)/../../osirix/osirix/ITK180/Modules/ThirdParty/KWSys/src";
			};
			name = Development;
		};
		CE6A9A9608AC841300D0C1EE /* Deployment */ = {
			isa = XCBuildConfiguration;
			buildSettings = {
				ALWAYS_SEARCH_USER_PATHS = YES;
				ARCHS = (
					i386,
					x86_64,
				);
				GCC_C_LANGUAGE_STANDARD = "compiler-default";
				GCC_OPTIMIZATION_LEVEL = 3;
				GCC_UNROLL_LOOPS = YES;
				GCC_VERSION = com.apple.compilers.llvmgcc42;
				MACOSX_DEPLOYMENT_TARGET = 10.6;
				SDKROOT = macosx10.6;
				USER_HEADER_SEARCH_PATHS = "$(SRCROOT)/../../osirix/osirix/ITK180/Modules/Core/Common/include $(SRCROOT)/../../osirix/osirix/ITK180/Modules/ThirdParty/VNL/src/vxl/core $(SRCROOT)/../../osirix/osirix/ITK180/Modules/ThirdParty/VNL/src/vxl/vcl $(SRCROOT)/../../osirix/osirix/ITK180/Modules/Core/Common $(SRCROOT)/../../osirix/osirix/ITK180/Modules/Core/Mesh/include $(SRCROOT)/../../osirix/osirix/ITK180/Modules/Segmentation/RegionGrowing/include $(SRCROOT)/../../osirix/osirix/ITK180/Modules/Filtering/CurvatureFlow/include $(SRCROOT)/../../osirix/osirix/ITK180/Modules/Core/ImageFunction/include $(SRCROOT)/../../osirix/osirix/ITK180/Modules/Core/FiniteDifference/include $(SRCROOT)/../../osirix/osirix/ITK180/Modules/Filtering/ImageFilterBase/include $(SRCROOT)/../../osirix/osirix/ITK180/Modules/Segmentation/LevelSets/include $(SRCROOT)/../../osirix/osirix/ITK180/Modules/Filtering/FastMarching/include $(SRCROOT)/../../osirix/osirix/ITK180/Modules/Filtering/ImageIntensity/include $(SRCROOT)/../../osirix/osirix/ITK180/Modules/Bridge/VTK/include $(SRCROOT)/../../osirix/osirix/ITK180/Modules/Filtering/MathematicalMorphology/include $(SRCROOT)/../../osirix/osirix/ITK180/Modules/Core/Transform/include $(SRCROOT)/../../osirix/osirix/ITK180/Modules/Filtering/ImageGrid/include $(SRCROOT)/../../osirix/osirix/ITK180/Modules/Filtering/BinaryMathematicalMorphology/include $(SRCROOT)/../../osirix/osirix/ITK180/Modules/ThirdParty/NrrdIO/src/NrrdIO $(SRCROOT)/../../osirix/osirix/ITK180/Modules/Filtering/AnisotropicSmoothing/include $(SRCROOT)/../../osirix/osirix/ITK180/Modules/Filtering/ImageFeature/include $(SRCROOT)/../../osirix/osirix/ITK180/Modules/Filtering/Smoothing/include $(SRCROOT)/../../osirix/osirix/ITK180/Modules/Filtering/DistanceMap/include $(SRCROOT)/../../osirix/osirix/ITK180/Modules/Filtering/Thresholding/include $(SRCROOT)/../../osirix/osirix/ITK180/Modules/Core/SpatialObjects/include $(SRCROOT)/../../osirix/osirix/ITK180/Modules/Filtering/ImageGradient/include $(SRCROOT)/../../osirix/osirix/ITK180/Modules/IO/ImageBase/include $(SRCROOT)/../../osirix/osirix/ITK180/Modules/Core/ImageAdaptors/include $(SRCROOT)/../../osirix/osirix/ITK180/Modules/IO/ImageBase $(SRCROOT)/../../osirix/osirix/ITK180/Modules/Segmentation/ConnectedComponents/include $(SRCROOT)/../../osirix/osirix/ITK180/Modules/Filtering/ImageStatistics/include $(SRCROOT)/../../osirix/osirix/ITK180/Modules/Numerics/Statistics/include $(SRCROOT)/../../osirix/osirix/ITK180/Modules/ThirdParty/VNL/src/vxl/vcl/generic $(SRCROOT)/../../osirix/osirix/ITK180/Utilities/vxl/vcl $(SRCROOT)/../../osirix/osirix/ITK180/Modules/ThirdParty/KWSys/src";
			};
			name = Deployment;
		};
/* End XCBuildConfiguration section */

/* Begin XCConfigurationList section */
		CE6A9A9008AC841300D0C1EE /* Build configuration list for PBXNativeTarget "CMIV_CTA_TOOLS" */ = {
			isa = XCConfigurationList;
			buildConfigurations = (
				CE6A9A9108AC841300D0C1EE /* Development */,
				CE6A9A9208AC841300D0C1EE /* Deployment */,
			);
			defaultConfigurationIsVisible = 0;
			defaultConfigurationName = Development;
		};
		CE6A9A9408AC841300D0C1EE /* Build configuration list for PBXProject "CMIV_CTA_TOOLS" */ = {
			isa = XCConfigurationList;
			buildConfigurations = (
				CE6A9A9508AC841300D0C1EE /* Development */,
				CE6A9A9608AC841300D0C1EE /* Deployment */,
			);
			defaultConfigurationIsVisible = 0;
			defaultConfigurationName = Development;
		};
/* End XCConfigurationList section */
	};
	rootObject = 089C1669FE841209C02AAC07 /* Project object */;
}
